<?xml version="1.0" encoding="utf-8"?>
<Project ToolsVersion="4.0" xmlns="http://schemas.microsoft.com/developer/msbuild/2003">
  <ItemGroup>
    <ClCompile Include="$(MSBuildThisFileDirectory)VizEngineAPIs.cpp" />
    <ClCompile Include="$(MSBuildThisFileDirectory)VizCoreUtils.cpp">
      <Filter>utils</Filter>
    </ClCompile>
    <ClCompile Include="$(MSBuildThisFileDirectory)components\VzActor.cpp">
      <Filter>components</Filter>
    </ClCompile>
    <ClCompile Include="$(MSBuildThisFileDirectory)components\VzAsset.cpp">
      <Filter>components</Filter>
    </ClCompile>
    <ClCompile Include="$(MSBuildThisFileDirectory)components\VzCamera.cpp">
      <Filter>components</Filter>
    </ClCompile>
    <ClCompile Include="$(MSBuildThisFileDirectory)components\VzGeometry.cpp">
      <Filter>components</Filter>
    </ClCompile>
    <ClCompile Include="$(MSBuildThisFileDirectory)components\VzLight.cpp">
      <Filter>components</Filter>
    </ClCompile>
    <ClCompile Include="$(MSBuildThisFileDirectory)components\VzMaterial.cpp">
      <Filter>components</Filter>
    </ClCompile>
    <ClCompile Include="$(MSBuildThisFileDirectory)components\VzMI.cpp">
      <Filter>components</Filter>
    </ClCompile>
    <ClCompile Include="$(MSBuildThisFileDirectory)components\VzScene.cpp">
      <Filter>components</Filter>
    </ClCompile>
    <ClCompile Include="$(MSBuildThisFileDirectory)VizComponentAPIs.cpp">
      <Filter>common</Filter>
    </ClCompile>
    <ClCompile Include="$(MSBuildThisFileDirectory)VzEngineApp.cpp">
      <Filter>common</Filter>
    </ClCompile>
    <ClCompile Include="$(MSBuildThisFileDirectory)components\VzRenderer.cpp">
      <Filter>components</Filter>
    </ClCompile>
    <ClCompile Include="$(MSBuildThisFileDirectory)components\VzSkeleton.cpp">
      <Filter>components</Filter>
    </ClCompile>
    <ClCompile Include="$(MSBuildThisFileDirectory)VzRenderPath.cpp">
      <Filter>common</Filter>
    </ClCompile>
    <ClCompile Include="$(MSBuildThisFileDirectory)backend\VzAssetLoader.cpp">
      <Filter>backend</Filter>
    </ClCompile>
    <ClCompile Include="$(MSBuildThisFileDirectory)components\VzTexture.cpp">
      <Filter>components</Filter>
    </ClCompile>
    <ClCompile Include="$(MSBuildThisFileDirectory)backend\VzAssetExporter.cpp">
      <Filter>backend</Filter>
    </ClCompile>
    <ClCompile Include="$(MSBuildThisFileDirectory)backend\VzMeshAssimp.cpp">
      <Filter>backend</Filter>
    </ClCompile>
  </ItemGroup>
  <ItemGroup>
    <ClInclude Include="$(MSBuildThisFileDirectory)VizEngineAPIs.h" />
    <ClInclude Include="$(MSBuildThisFileDirectory)VizCoreUtils.h">
      <Filter>utils</Filter>
    </ClInclude>
    <ClInclude Include="$(MSBuildThisFileDirectory)components\VzActor.h">
      <Filter>components</Filter>
    </ClInclude>
    <ClInclude Include="$(MSBuildThisFileDirectory)components\VzAsset.h">
      <Filter>components</Filter>
    </ClInclude>
    <ClInclude Include="$(MSBuildThisFileDirectory)components\VzCamera.h">
      <Filter>components</Filter>
    </ClInclude>
    <ClInclude Include="$(MSBuildThisFileDirectory)components\VzGeometry.h">
      <Filter>components</Filter>
    </ClInclude>
    <ClInclude Include="$(MSBuildThisFileDirectory)components\VzLight.h">
      <Filter>components</Filter>
    </ClInclude>
    <ClInclude Include="$(MSBuildThisFileDirectory)components\VzMaterial.h">
      <Filter>components</Filter>
    </ClInclude>
    <ClInclude Include="$(MSBuildThisFileDirectory)components\VzMI.h">
      <Filter>components</Filter>
    </ClInclude>
    <ClInclude Include="$(MSBuildThisFileDirectory)components\VzScene.h">
      <Filter>components</Filter>
    </ClInclude>
    <ClInclude Include="$(MSBuildThisFileDirectory)backend\VzAssetLoader.h">
      <Filter>backend</Filter>
    </ClInclude>
    <ClInclude Include="$(MSBuildThisFileDirectory)VizComponentAPIs.h">
      <Filter>common</Filter>
    </ClInclude>
    <ClInclude Include="$(MSBuildThisFileDirectory)VzComponents.h">
      <Filter>common</Filter>
    </ClInclude>
    <ClInclude Include="$(MSBuildThisFileDirectory)VzEngineApp.h">
      <Filter>common</Filter>
    </ClInclude>
    <ClInclude Include="$(MSBuildThisFileDirectory)components\VzRenderer.h">
      <Filter>components</Filter>
    </ClInclude>
    <ClInclude Include="$(MSBuildThisFileDirectory)VzNameComponents.hpp">
      <Filter>backend</Filter>
    </ClInclude>
    <ClInclude Include="$(MSBuildThisFileDirectory)components\VzSkeleton.h">
      <Filter>components</Filter>
    </ClInclude>
    <ClInclude Include="$(MSBuildThisFileDirectory)VzRenderPath.h">
      <Filter>common</Filter>
    </ClInclude>
    <ClInclude Include="$(MSBuildThisFileDirectory)FIncludes.h">
      <Filter>common</Filter>
    </ClInclude>
    <ClInclude Include="$(MSBuildThisFileDirectory)components\VzTexture.h">
      <Filter>components</Filter>
    </ClInclude>
    <ClInclude Include="$(MSBuildThisFileDirectory)backend\VzAssetExporter.h">
      <Filter>backend</Filter>
    </ClInclude>
    <ClInclude Include="$(MSBuildThisFileDirectory)backend\VzMeshAssimp.h">
      <Filter>backend</Filter>
    </ClInclude>
  </ItemGroup>
  <ItemGroup>
    <Filter Include="components">
      <UniqueIdentifier>{7e277e79-fe88-4cd1-aba4-92c6a388358f}</UniqueIdentifier>
    </Filter>
    <Filter Include="utils">
      <UniqueIdentifier>{0fe9e37f-f909-49a0-958c-2a151b056641}</UniqueIdentifier>
    </Filter>
    <Filter Include="backend">
      <UniqueIdentifier>{ec000082-87ae-4f2f-995a-ae59cb734cb8}</UniqueIdentifier>
    </Filter>
    <Filter Include="common">
      <UniqueIdentifier>{445478bb-73e7-42ca-96f7-d24dab3d09f8}</UniqueIdentifier>
    </Filter>
  </ItemGroup>
</Project>