// !$*UTF8*$!
{
	archiveVersion = 1;
	classes = {
	};
	objectVersion = 54;
	objects = {

/* Begin PBXBuildFile section */
		0023225ED0F6344A42FDF021 /* libbasis_transcoder.xcframework in Embed Frameworks */ = {isa = PBXBuildFile; fileRef = 18129A9C5FC10A170625F0DF /* libbasis_transcoder.xcframework */; settings = {ATTRIBUTES = (CodeSignOnCopy, RemoveHeadersOnCopy, ); }; };
		032FA0177E5B258A6EFC10FB /* Assets.xcassets in Resources */ = {isa = PBXBuildFile; fileRef = 3F8FDA2F8F0B257A1364E302 /* Assets.xcassets */; };
		12FA790CDCF4048A3B3D816B /* libuberzlib.xcframework in Frameworks */ = {isa = PBXBuildFile; fileRef = 8AE9C8F3B16EEC02C00FC462 /* libuberzlib.xcframework */; };
		153DF9C7D86AB76EDBEB3AC4 /* libktxreader.xcframework in Embed Frameworks */ = {isa = PBXBuildFile; fileRef = 6E2AD103B6A164CA10779A2C /* libktxreader.xcframework */; settings = {ATTRIBUTES = (CodeSignOnCopy, RemoveHeadersOnCopy, ); }; };
		1A4585E6153963D89D838344 /* libutils.xcframework in Frameworks */ = {isa = PBXBuildFile; fileRef = 51E07CB7D191EE70C8393733 /* libutils.xcframework */; };
		2101923AA53D391D871C0BCF /* libutils.xcframework in Embed Frameworks */ = {isa = PBXBuildFile; fileRef = 51E07CB7D191EE70C8393733 /* libutils.xcframework */; settings = {ATTRIBUTES = (CodeSignOnCopy, RemoveHeadersOnCopy, ); }; };
		272268CA1B14AE98DFACDD33 /* libstb.xcframework in Frameworks */ = {isa = PBXBuildFile; fileRef = A40EBFD944F94426FBCEDB82 /* libstb.xcframework */; };
		3153490EB02DE914E6C7B16B /* libimage.xcframework in Embed Frameworks */ = {isa = PBXBuildFile; fileRef = 481A41C1DE19D71E21CA17C0 /* libimage.xcframework */; settings = {ATTRIBUTES = (CodeSignOnCopy, RemoveHeadersOnCopy, ); }; };
		3370EF2CC0CD0D08F69CC581 /* libmeshoptimizer.xcframework in Frameworks */ = {isa = PBXBuildFile; fileRef = F9B29DDB1D323E259E5EDBE4 /* libmeshoptimizer.xcframework */; };
		357279930C4271E22C329E27 /* libbackend.xcframework in Embed Frameworks */ = {isa = PBXBuildFile; fileRef = 4A955859FB96A0B4AA15C36D /* libbackend.xcframework */; settings = {ATTRIBUTES = (CodeSignOnCopy, RemoveHeadersOnCopy, ); }; };
		372DC481D060CF95FDFA9DD7 /* libzstd.xcframework in Frameworks */ = {isa = PBXBuildFile; fileRef = 190D6FD76C902A52E8C71DF7 /* libzstd.xcframework */; };
		3DA39FBD408D7B6F50822939 /* FilamentViewController.mm in Sources */ = {isa = PBXBuildFile; fileRef = 4544E7FD3EC9BC5C5E4487B7 /* FilamentViewController.mm */; };
		415CBC815DE6A370EE6DD502 /* libfilament.xcframework in Frameworks */ = {isa = PBXBuildFile; fileRef = 4B9CD116AEF8BD291A123F2A /* libfilament.xcframework */; };
		41E74598143C17C5C2037D67 /* libfilament.xcframework in Embed Frameworks */ = {isa = PBXBuildFile; fileRef = 4B9CD116AEF8BD291A123F2A /* libfilament.xcframework */; settings = {ATTRIBUTES = (CodeSignOnCopy, RemoveHeadersOnCopy, ); }; };
		4474017EFFC53567F2369DB8 /* LaunchScreen.storyboard in Resources */ = {isa = PBXBuildFile; fileRef = FEA341C442B210CFD35E4663 /* LaunchScreen.storyboard */; };
		4F555B8114838AF666F39CD1 /* App.cpp in Sources */ = {isa = PBXBuildFile; fileRef = 3AF77884F45974610F79F92F /* App.cpp */; };
		53C4CFCFC54929CEDE416EC5 /* libstb.xcframework in Embed Frameworks */ = {isa = PBXBuildFile; fileRef = A40EBFD944F94426FBCEDB82 /* libstb.xcframework */; settings = {ATTRIBUTES = (CodeSignOnCopy, RemoveHeadersOnCopy, ); }; };
		6057DA6A016889B23EE6410F /* libgeometry.xcframework in Embed Frameworks */ = {isa = PBXBuildFile; fileRef = 6842BC9C9A130CE658B642CB /* libgeometry.xcframework */; settings = {ATTRIBUTES = (CodeSignOnCopy, RemoveHeadersOnCopy, ); }; };
		6535EDC4F6D3BBCA745C453F /* libsmol-v.xcframework in Frameworks */ = {isa = PBXBuildFile; fileRef = 5E33DC0C95B9B0260504E357 /* libsmol-v.xcframework */; };
		6D84A7C1AA03C171F01A044D /* libgltfio_core.xcframework in Embed Frameworks */ = {isa = PBXBuildFile; fileRef = 06B530A8294DD5CBAD41DB51 /* libgltfio_core.xcframework */; settings = {ATTRIBUTES = (CodeSignOnCopy, RemoveHeadersOnCopy, ); }; };
		6DFCBA84E571F0C5B1683640 /* libbackend.xcframework in Frameworks */ = {isa = PBXBuildFile; fileRef = 4A955859FB96A0B4AA15C36D /* libbackend.xcframework */; };
		7BFDB88EAFC7B8CE0B571A35 /* libdracodec.xcframework in Embed Frameworks */ = {isa = PBXBuildFile; fileRef = CC1A326E7C2E54A8F3227045 /* libdracodec.xcframework */; settings = {ATTRIBUTES = (CodeSignOnCopy, RemoveHeadersOnCopy, ); }; };
		7FD7B7E760C10ACDA64F0890 /* libuberarchive.xcframework in Frameworks */ = {isa = PBXBuildFile; fileRef = 0BEC8295652B68CF0854F861 /* libuberarchive.xcframework */; };
		8309D337274D6920F81FDFED /* libfilaflat.xcframework in Frameworks */ = {isa = PBXBuildFile; fileRef = 8947E0E5B74BA8785FE2158D /* libfilaflat.xcframework */; };
		872251D9846351641FFE1EDB /* libibl.xcframework in Frameworks */ = {isa = PBXBuildFile; fileRef = 83035F42A448BDA20C5EC0DB /* libibl.xcframework */; };
		872990CD06765549CBE6EB85 /* libbasis_transcoder.xcframework in Frameworks */ = {isa = PBXBuildFile; fileRef = 18129A9C5FC10A170625F0DF /* libbasis_transcoder.xcframework */; };
		899A92E0F0148A9BAE3E7B1A /* Resources.S in Sources */ = {isa = PBXBuildFile; fileRef = B1B470F3CDEE0D4A60B11C72 /* Resources.S */; };
		8D82323C866A8429A29903A8 /* AppDelegate.m in Sources */ = {isa = PBXBuildFile; fileRef = F534BD31E8FB84B3925B0402 /* AppDelegate.m */; };
		916F7A5DE5031D7523FB1FA1 /* libsmol-v.xcframework in Embed Frameworks */ = {isa = PBXBuildFile; fileRef = 5E33DC0C95B9B0260504E357 /* libsmol-v.xcframework */; settings = {ATTRIBUTES = (CodeSignOnCopy, RemoveHeadersOnCopy, ); }; };
		A38DF6C8EA6292F62E9D5F68 /* libimage.xcframework in Frameworks */ = {isa = PBXBuildFile; fileRef = 481A41C1DE19D71E21CA17C0 /* libimage.xcframework */; };
		A8004A31F0068178EF0557DA /* libgeometry.xcframework in Frameworks */ = {isa = PBXBuildFile; fileRef = 6842BC9C9A130CE658B642CB /* libgeometry.xcframework */; };
		ABF42D2B7081EB39CEC1B43B /* libgltfio_core.xcframework in Frameworks */ = {isa = PBXBuildFile; fileRef = 06B530A8294DD5CBAD41DB51 /* libgltfio_core.xcframework */; };
		ADE1F0D02BA65C77C6B109AB /* FilamentView.m in Sources */ = {isa = PBXBuildFile; fileRef = 84D7269DBC8441140F7F8905 /* FilamentView.m */; };
		B69E7A38F3A58F7DB4002219 /* libdracodec.xcframework in Frameworks */ = {isa = PBXBuildFile; fileRef = CC1A326E7C2E54A8F3227045 /* libdracodec.xcframework */; };
		B766A23145C9D58BB09CB068 /* main.m in Sources */ = {isa = PBXBuildFile; fileRef = 47B161015D23D464253ABAF1 /* main.m */; };
		B9E63A561CEE77D5D0D29A0E /* libuberarchive.xcframework in Embed Frameworks */ = {isa = PBXBuildFile; fileRef = 0BEC8295652B68CF0854F861 /* libuberarchive.xcframework */; settings = {ATTRIBUTES = (CodeSignOnCopy, RemoveHeadersOnCopy, ); }; };
		BFD25191C0BF9804FF3C1B19 /* DamagedHelmet.glb in Resources */ = {isa = PBXBuildFile; fileRef = B299B19218E1CF7B2D13ABB8 /* DamagedHelmet.glb */; };
		C609C4B4BD4082A399517524 /* libfilabridge.xcframework in Embed Frameworks */ = {isa = PBXBuildFile; fileRef = 9555C4935AFD98E079719C07 /* libfilabridge.xcframework */; settings = {ATTRIBUTES = (CodeSignOnCopy, RemoveHeadersOnCopy, ); }; };
		CE0DC84646DB51D505E521E9 /* libuberzlib.xcframework in Embed Frameworks */ = {isa = PBXBuildFile; fileRef = 8AE9C8F3B16EEC02C00FC462 /* libuberzlib.xcframework */; settings = {ATTRIBUTES = (CodeSignOnCopy, RemoveHeadersOnCopy, ); }; };
		CFADC7EF16411309B0CF08D8 /* libzstd.xcframework in Embed Frameworks */ = {isa = PBXBuildFile; fileRef = 190D6FD76C902A52E8C71DF7 /* libzstd.xcframework */; settings = {ATTRIBUTES = (CodeSignOnCopy, RemoveHeadersOnCopy, ); }; };
		D1174ECF9CDDC1EA7DE95840 /* Main.storyboard in Resources */ = {isa = PBXBuildFile; fileRef = 59032D070D1641AA60F6CC2D /* Main.storyboard */; };
		DB90B94FBBD5F819ED9D1685 /* CameraManipulator.cpp in Sources */ = {isa = PBXBuildFile; fileRef = 6238AED51F5F46CCFBE6892D /* CameraManipulator.cpp */; };
		DC96354994E844E3730CBEB7 /* libibl.xcframework in Embed Frameworks */ = {isa = PBXBuildFile; fileRef = 83035F42A448BDA20C5EC0DB /* libibl.xcframework */; settings = {ATTRIBUTES = (CodeSignOnCopy, RemoveHeadersOnCopy, ); }; };
		F4022ECAAC6BEA543556B428 /* libktxreader.xcframework in Frameworks */ = {isa = PBXBuildFile; fileRef = 6E2AD103B6A164CA10779A2C /* libktxreader.xcframework */; };
		FB7DB6BC4ADAEA3F02731E73 /* libmeshoptimizer.xcframework in Embed Frameworks */ = {isa = PBXBuildFile; fileRef = F9B29DDB1D323E259E5EDBE4 /* libmeshoptimizer.xcframework */; settings = {ATTRIBUTES = (CodeSignOnCopy, RemoveHeadersOnCopy, ); }; };
		FBC7DAEE0262EB58EC6BADC9 /* libfilaflat.xcframework in Embed Frameworks */ = {isa = PBXBuildFile; fileRef = 8947E0E5B74BA8785FE2158D /* libfilaflat.xcframework */; settings = {ATTRIBUTES = (CodeSignOnCopy, RemoveHeadersOnCopy, ); }; };
		FD9CF0E054C901D1D3E7D6B2 /* libfilabridge.xcframework in Frameworks */ = {isa = PBXBuildFile; fileRef = 9555C4935AFD98E079719C07 /* libfilabridge.xcframework */; };
/* End PBXBuildFile section */

/* Begin PBXCopyFilesBuildPhase section */
		D5C4D57398FACAA29F2C2549 /* Embed Frameworks */ = {
			isa = PBXCopyFilesBuildPhase;
			buildActionMask = 2147483647;
			dstPath = "";
			dstSubfolderSpec = 10;
			files = (
				357279930C4271E22C329E27 /* libbackend.xcframework in Embed Frameworks */,
				41E74598143C17C5C2037D67 /* libfilament.xcframework in Embed Frameworks */,
				FBC7DAEE0262EB58EC6BADC9 /* libfilaflat.xcframework in Embed Frameworks */,
				153DF9C7D86AB76EDBEB3AC4 /* libktxreader.xcframework in Embed Frameworks */,
				C609C4B4BD4082A399517524 /* libfilabridge.xcframework in Embed Frameworks */,
				2101923AA53D391D871C0BCF /* libutils.xcframework in Embed Frameworks */,
				916F7A5DE5031D7523FB1FA1 /* libsmol-v.xcframework in Embed Frameworks */,
				6057DA6A016889B23EE6410F /* libgeometry.xcframework in Embed Frameworks */,
				DC96354994E844E3730CBEB7 /* libibl.xcframework in Embed Frameworks */,
				6D84A7C1AA03C171F01A044D /* libgltfio_core.xcframework in Embed Frameworks */,
				B9E63A561CEE77D5D0D29A0E /* libuberarchive.xcframework in Embed Frameworks */,
				3153490EB02DE914E6C7B16B /* libimage.xcframework in Embed Frameworks */,
				53C4CFCFC54929CEDE416EC5 /* libstb.xcframework in Embed Frameworks */,
				0023225ED0F6344A42FDF021 /* libbasis_transcoder.xcframework in Embed Frameworks */,
				CFADC7EF16411309B0CF08D8 /* libzstd.xcframework in Embed Frameworks */,
				7BFDB88EAFC7B8CE0B571A35 /* libdracodec.xcframework in Embed Frameworks */,
				FB7DB6BC4ADAEA3F02731E73 /* libmeshoptimizer.xcframework in Embed Frameworks */,
				CE0DC84646DB51D505E521E9 /* libuberzlib.xcframework in Embed Frameworks */,
			);
			name = "Embed Frameworks";
			runOnlyForDeploymentPostprocessing = 0;
		};
/* End PBXCopyFilesBuildPhase section */

/* Begin PBXFileReference section */
		06B530A8294DD5CBAD41DB51 /* libgltfio_core.xcframework */ = {isa = PBXFileReference; lastKnownFileType = wrapper.xcframework; name = libgltfio_core.xcframework; path = "$(SRCROOT)/../../../out/ios-release/filament/lib/libgltfio_core.xcframework"; sourceTree = "<group>"; };
		07D735319AF2DC69DB8981FE /* Base */ = {isa = PBXFileReference; lastKnownFileType = file.storyboard; name = Base; path = Base.lproj/Main.storyboard; sourceTree = "<group>"; };
		0AF0F63216DE40C526ABFABF /* AppDelegate.h */ = {isa = PBXFileReference; lastKnownFileType = sourcecode.c.h; path = AppDelegate.h; sourceTree = "<group>"; };
		0BEC8295652B68CF0854F861 /* libuberarchive.xcframework */ = {isa = PBXFileReference; lastKnownFileType = wrapper.xcframework; name = libuberarchive.xcframework; path = "$(SRCROOT)/../../../out/ios-release/filament/lib/libuberarchive.xcframework"; sourceTree = "<group>"; };
		18129A9C5FC10A170625F0DF /* libbasis_transcoder.xcframework */ = {isa = PBXFileReference; lastKnownFileType = wrapper.xcframework; name = libbasis_transcoder.xcframework; path = "$(SRCROOT)/../../../out/ios-release/filament/lib/libbasis_transcoder.xcframework"; sourceTree = "<group>"; };
		190D6FD76C902A52E8C71DF7 /* libzstd.xcframework */ = {isa = PBXFileReference; lastKnownFileType = wrapper.xcframework; name = libzstd.xcframework; path = "$(SRCROOT)/../../../out/ios-release/filament/lib/libzstd.xcframework"; sourceTree = "<group>"; };
		31A71C869E24044EA5F802D5 /* Base */ = {isa = PBXFileReference; lastKnownFileType = file.storyboard; name = Base; path = Base.lproj/LaunchScreen.storyboard; sourceTree = "<group>"; };
		3259514676E5E799670D0F86 /* CameraManipulator.h */ = {isa = PBXFileReference; lastKnownFileType = sourcecode.c.h; path = CameraManipulator.h; sourceTree = "<group>"; };
		3AF77884F45974610F79F92F /* App.cpp */ = {isa = PBXFileReference; lastKnownFileType = sourcecode.cpp.cpp; path = App.cpp; sourceTree = "<group>"; };
		3F8FDA2F8F0B257A1364E302 /* Assets.xcassets */ = {isa = PBXFileReference; lastKnownFileType = folder.assetcatalog; path = Assets.xcassets; sourceTree = "<group>"; };
		4544E7FD3EC9BC5C5E4487B7 /* FilamentViewController.mm */ = {isa = PBXFileReference; lastKnownFileType = sourcecode.cpp.objcpp; path = FilamentViewController.mm; sourceTree = "<group>"; };
		47B161015D23D464253ABAF1 /* main.m */ = {isa = PBXFileReference; lastKnownFileType = sourcecode.c.objc; path = main.m; sourceTree = "<group>"; };
		481A41C1DE19D71E21CA17C0 /* libimage.xcframework */ = {isa = PBXFileReference; lastKnownFileType = wrapper.xcframework; name = libimage.xcframework; path = "$(SRCROOT)/../../../out/ios-release/filament/lib/libimage.xcframework"; sourceTree = "<group>"; };
		4A955859FB96A0B4AA15C36D /* libbackend.xcframework */ = {isa = PBXFileReference; lastKnownFileType = wrapper.xcframework; name = libbackend.xcframework; path = "../../../out/ios-release/filament/lib/libbackend.xcframework"; sourceTree = "<group>"; };
		4B9CD116AEF8BD291A123F2A /* libfilament.xcframework */ = {isa = PBXFileReference; lastKnownFileType = wrapper.xcframework; name = libfilament.xcframework; path = "../../../out/ios-release/filament/lib/libfilament.xcframework"; sourceTree = "<group>"; };
		51E07CB7D191EE70C8393733 /* libutils.xcframework */ = {isa = PBXFileReference; lastKnownFileType = wrapper.xcframework; name = libutils.xcframework; path = "../../../out/ios-release/filament/lib/libutils.xcframework"; sourceTree = "<group>"; };
		5E33DC0C95B9B0260504E357 /* libsmol-v.xcframework */ = {isa = PBXFileReference; lastKnownFileType = wrapper.xcframework; name = "libsmol-v.xcframework"; path = "../../../out/ios-release/filament/lib/libsmol-v.xcframework"; sourceTree = "<group>"; };
		6238AED51F5F46CCFBE6892D /* CameraManipulator.cpp */ = {isa = PBXFileReference; lastKnownFileType = sourcecode.cpp.cpp; path = CameraManipulator.cpp; sourceTree = "<group>"; };
		6842BC9C9A130CE658B642CB /* libgeometry.xcframework */ = {isa = PBXFileReference; lastKnownFileType = wrapper.xcframework; name = libgeometry.xcframework; path = "../../../out/ios-release/filament/lib/libgeometry.xcframework"; sourceTree = "<group>"; };
		6E2AD103B6A164CA10779A2C /* libktxreader.xcframework */ = {isa = PBXFileReference; lastKnownFileType = wrapper.xcframework; name = libktxreader.xcframework; path = "../../../out/ios-release/filament/lib/libktxreader.xcframework"; sourceTree = "<group>"; };
		83035F42A448BDA20C5EC0DB /* libibl.xcframework */ = {isa = PBXFileReference; lastKnownFileType = wrapper.xcframework; name = libibl.xcframework; path = "../../../out/ios-release/filament/lib/libibl.xcframework"; sourceTree = "<group>"; };
		84D7269DBC8441140F7F8905 /* FilamentView.m */ = {isa = PBXFileReference; lastKnownFileType = sourcecode.c.objc; path = FilamentView.m; sourceTree = "<group>"; };
		8947E0E5B74BA8785FE2158D /* libfilaflat.xcframework */ = {isa = PBXFileReference; lastKnownFileType = wrapper.xcframework; name = libfilaflat.xcframework; path = "../../../out/ios-release/filament/lib/libfilaflat.xcframework"; sourceTree = "<group>"; };
		8AE9C8F3B16EEC02C00FC462 /* libuberzlib.xcframework */ = {isa = PBXFileReference; lastKnownFileType = wrapper.xcframework; name = libuberzlib.xcframework; path = "$(SRCROOT)/../../../out/ios-release/filament/lib/libuberzlib.xcframework"; sourceTree = "<group>"; };
		9555C4935AFD98E079719C07 /* libfilabridge.xcframework */ = {isa = PBXFileReference; lastKnownFileType = wrapper.xcframework; name = libfilabridge.xcframework; path = "../../../out/ios-release/filament/lib/libfilabridge.xcframework"; sourceTree = "<group>"; };
		A37B936423E3B1BF1CA137E0 /* hello-gltf.app */ = {isa = PBXFileReference; includeInIndex = 0; lastKnownFileType = wrapper.application; path = "hello-gltf.app"; sourceTree = BUILT_PRODUCTS_DIR; };
		A40EBFD944F94426FBCEDB82 /* libstb.xcframework */ = {isa = PBXFileReference; lastKnownFileType = wrapper.xcframework; name = libstb.xcframework; path = "$(SRCROOT)/../../../out/ios-release/filament/lib/libstb.xcframework"; sourceTree = "<group>"; };
		A52D063A6C24A885D52E2F79 /* Info.plist */ = {isa = PBXFileReference; lastKnownFileType = text.plist; path = Info.plist; sourceTree = "<group>"; };
		B1B470F3CDEE0D4A60B11C72 /* Resources.S */ = {isa = PBXFileReference; path = Resources.S; sourceTree = "<group>"; };
		B299B19218E1CF7B2D13ABB8 /* DamagedHelmet.glb */ = {isa = PBXFileReference; path = DamagedHelmet.glb; sourceTree = "<group>"; };
		BAEAC7786B3EA7E47855A56B /* FilamentViewController.h */ = {isa = PBXFileReference; lastKnownFileType = sourcecode.c.h; path = FilamentViewController.h; sourceTree = "<group>"; };
		CC1A326E7C2E54A8F3227045 /* libdracodec.xcframework */ = {isa = PBXFileReference; lastKnownFileType = wrapper.xcframework; name = libdracodec.xcframework; path = "$(SRCROOT)/../../../out/ios-release/filament/lib/libdracodec.xcframework"; sourceTree = "<group>"; };
		D3A6F9906B0647549CF53196 /* FilamentView.h */ = {isa = PBXFileReference; lastKnownFileType = sourcecode.c.h; path = FilamentView.h; sourceTree = "<group>"; };
		EC3FAC405D5790391F3AE4FB /* App.h */ = {isa = PBXFileReference; lastKnownFileType = sourcecode.c.h; path = App.h; sourceTree = "<group>"; };
		F534BD31E8FB84B3925B0402 /* AppDelegate.m */ = {isa = PBXFileReference; lastKnownFileType = sourcecode.c.objc; path = AppDelegate.m; sourceTree = "<group>"; };
		F9B29DDB1D323E259E5EDBE4 /* libmeshoptimizer.xcframework */ = {isa = PBXFileReference; lastKnownFileType = wrapper.xcframework; name = libmeshoptimizer.xcframework; path = "$(SRCROOT)/../../../out/ios-release/filament/lib/libmeshoptimizer.xcframework"; sourceTree = "<group>"; };
/* End PBXFileReference section */

/* Begin PBXFrameworksBuildPhase section */
		0F4486CC8242411EE5C50136 /* Frameworks */ = {
			isa = PBXFrameworksBuildPhase;
			buildActionMask = 2147483647;
			files = (
				6DFCBA84E571F0C5B1683640 /* libbackend.xcframework in Frameworks */,
				415CBC815DE6A370EE6DD502 /* libfilament.xcframework in Frameworks */,
				8309D337274D6920F81FDFED /* libfilaflat.xcframework in Frameworks */,
				F4022ECAAC6BEA543556B428 /* libktxreader.xcframework in Frameworks */,
				FD9CF0E054C901D1D3E7D6B2 /* libfilabridge.xcframework in Frameworks */,
				1A4585E6153963D89D838344 /* libutils.xcframework in Frameworks */,
				6535EDC4F6D3BBCA745C453F /* libsmol-v.xcframework in Frameworks */,
				A8004A31F0068178EF0557DA /* libgeometry.xcframework in Frameworks */,
				872251D9846351641FFE1EDB /* libibl.xcframework in Frameworks */,
				ABF42D2B7081EB39CEC1B43B /* libgltfio_core.xcframework in Frameworks */,
				7FD7B7E760C10ACDA64F0890 /* libuberarchive.xcframework in Frameworks */,
				A38DF6C8EA6292F62E9D5F68 /* libimage.xcframework in Frameworks */,
				272268CA1B14AE98DFACDD33 /* libstb.xcframework in Frameworks */,
				872990CD06765549CBE6EB85 /* libbasis_transcoder.xcframework in Frameworks */,
				372DC481D060CF95FDFA9DD7 /* libzstd.xcframework in Frameworks */,
				B69E7A38F3A58F7DB4002219 /* libdracodec.xcframework in Frameworks */,
				3370EF2CC0CD0D08F69CC581 /* libmeshoptimizer.xcframework in Frameworks */,
				12FA790CDCF4048A3B3D816B /* libuberzlib.xcframework in Frameworks */,
			);
			runOnlyForDeploymentPostprocessing = 0;
		};
/* End PBXFrameworksBuildPhase section */

/* Begin PBXGroup section */
		213197BBE06FB8316C6A730F /* DamagedHelmet */ = {
			isa = PBXGroup;
			children = (
				B299B19218E1CF7B2D13ABB8 /* DamagedHelmet.glb */,
			);
			name = DamagedHelmet;
			path = ../../../third_party/models/DamagedHelmet;
			sourceTree = "<group>";
		};
		74FBC1573C79190CC198A030 = {
			isa = PBXGroup;
			children = (
				213197BBE06FB8316C6A730F /* DamagedHelmet */,
				A57096EADC8A05A97A275513 /* hello-gltf */,
				F6A35BB32F71E5F5DC464FCC /* Frameworks */,
				E24AFBD404D0689AD84371D6 /* Products */,
			);
			sourceTree = "<group>";
		};
		A57096EADC8A05A97A275513 /* hello-gltf */ = {
			isa = PBXGroup;
			children = (
				0AF0F63216DE40C526ABFABF /* AppDelegate.h */,
				F534BD31E8FB84B3925B0402 /* AppDelegate.m */,
				6238AED51F5F46CCFBE6892D /* CameraManipulator.cpp */,
				3259514676E5E799670D0F86 /* CameraManipulator.h */,
				D192952467BDC89262858B1E /* FilamentView */,
				AB372FE319A13B1FD8573A52 /* SupportFiles */,
			);
			path = "hello-gltf";
			sourceTree = "<group>";
		};
		AB372FE319A13B1FD8573A52 /* SupportFiles */ = {
			isa = PBXGroup;
			children = (
				3F8FDA2F8F0B257A1364E302 /* Assets.xcassets */,
				A52D063A6C24A885D52E2F79 /* Info.plist */,
				FEA341C442B210CFD35E4663 /* LaunchScreen.storyboard */,
				47B161015D23D464253ABAF1 /* main.m */,
				59032D070D1641AA60F6CC2D /* Main.storyboard */,
				B1B470F3CDEE0D4A60B11C72 /* Resources.S */,
			);
			path = SupportFiles;
			sourceTree = "<group>";
		};
		D192952467BDC89262858B1E /* FilamentView */ = {
			isa = PBXGroup;
			children = (
				3AF77884F45974610F79F92F /* App.cpp */,
				EC3FAC405D5790391F3AE4FB /* App.h */,
				D3A6F9906B0647549CF53196 /* FilamentView.h */,
				84D7269DBC8441140F7F8905 /* FilamentView.m */,
				BAEAC7786B3EA7E47855A56B /* FilamentViewController.h */,
				4544E7FD3EC9BC5C5E4487B7 /* FilamentViewController.mm */,
			);
			path = FilamentView;
			sourceTree = "<group>";
		};
		E24AFBD404D0689AD84371D6 /* Products */ = {
			isa = PBXGroup;
			children = (
				A37B936423E3B1BF1CA137E0 /* hello-gltf.app */,
			);
			name = Products;
			sourceTree = "<group>";
		};
		F6A35BB32F71E5F5DC464FCC /* Frameworks */ = {
			isa = PBXGroup;
			children = (
				4A955859FB96A0B4AA15C36D /* libbackend.xcframework */,
				18129A9C5FC10A170625F0DF /* libbasis_transcoder.xcframework */,
				CC1A326E7C2E54A8F3227045 /* libdracodec.xcframework */,
				9555C4935AFD98E079719C07 /* libfilabridge.xcframework */,
				8947E0E5B74BA8785FE2158D /* libfilaflat.xcframework */,
				4B9CD116AEF8BD291A123F2A /* libfilament.xcframework */,
				6842BC9C9A130CE658B642CB /* libgeometry.xcframework */,
				06B530A8294DD5CBAD41DB51 /* libgltfio_core.xcframework */,
				83035F42A448BDA20C5EC0DB /* libibl.xcframework */,
				481A41C1DE19D71E21CA17C0 /* libimage.xcframework */,
				6E2AD103B6A164CA10779A2C /* libktxreader.xcframework */,
				F9B29DDB1D323E259E5EDBE4 /* libmeshoptimizer.xcframework */,
				5E33DC0C95B9B0260504E357 /* libsmol-v.xcframework */,
				A40EBFD944F94426FBCEDB82 /* libstb.xcframework */,
				0BEC8295652B68CF0854F861 /* libuberarchive.xcframework */,
				8AE9C8F3B16EEC02C00FC462 /* libuberzlib.xcframework */,
				51E07CB7D191EE70C8393733 /* libutils.xcframework */,
				190D6FD76C902A52E8C71DF7 /* libzstd.xcframework */,
			);
			name = Frameworks;
			sourceTree = "<group>";
		};
/* End PBXGroup section */

/* Begin PBXNativeTarget section */
		BDE1BF085B3CF7972F086681 /* hello-gltf */ = {
			isa = PBXNativeTarget;
			buildConfigurationList = B4AB9DA259CE43EB677725C9 /* Build configuration list for PBXNativeTarget "hello-gltf" */;
			buildPhases = (
				434C630C7F01B07ABD7545B4 /* Build Resources */,
				30FFFB72D409D092136A7E09 /* Sources */,
				143100B2FF97ACD9B03A078A /* Resources */,
				0F4486CC8242411EE5C50136 /* Frameworks */,
				D5C4D57398FACAA29F2C2549 /* Embed Frameworks */,
			);
			buildRules = (
			);
			dependencies = (
			);
			name = "hello-gltf";
			productName = "hello-gltf";
			productReference = A37B936423E3B1BF1CA137E0 /* hello-gltf.app */;
			productType = "com.apple.product-type.application";
		};
/* End PBXNativeTarget section */

/* Begin PBXProject section */
		690D846B2164EA54ABAD02A4 /* Project object */ = {
			isa = PBXProject;
			attributes = {
				BuildIndependentTargetsInParallel = YES;
				LastUpgradeCheck = 1430;
				TargetAttributes = {
				};
			};
			buildConfigurationList = C7514DDCFDA3C5F803E239F9 /* Build configuration list for PBXProject "hello-gltf" */;
			compatibilityVersion = "Xcode 14.0";
			developmentRegion = en;
			hasScannedForEncodings = 0;
			knownRegions = (
				Base,
				en,
			);
			mainGroup = 74FBC1573C79190CC198A030;
			projectDirPath = "";
			projectRoot = "";
			targets = (
				BDE1BF085B3CF7972F086681 /* hello-gltf */,
			);
		};
/* End PBXProject section */

/* Begin PBXResourcesBuildPhase section */
		143100B2FF97ACD9B03A078A /* Resources */ = {
			isa = PBXResourcesBuildPhase;
			buildActionMask = 2147483647;
			files = (
				032FA0177E5B258A6EFC10FB /* Assets.xcassets in Resources */,
				BFD25191C0BF9804FF3C1B19 /* DamagedHelmet.glb in Resources */,
				4474017EFFC53567F2369DB8 /* LaunchScreen.storyboard in Resources */,
				D1174ECF9CDDC1EA7DE95840 /* Main.storyboard in Resources */,
			);
			runOnlyForDeploymentPostprocessing = 0;
		};
/* End PBXResourcesBuildPhase section */

/* Begin PBXShellScriptBuildPhase section */
		434C630C7F01B07ABD7545B4 /* Build Resources */ = {
			isa = PBXShellScriptBuildPhase;
			buildActionMask = 2147483647;
			files = (
			);
			inputFileListPaths = (
			);
			inputPaths = (
			);
			name = "Build Resources";
			outputFileListPaths = (
			);
			outputPaths = (
			);
			runOnlyForDeploymentPostprocessing = 0;
			shellPath = /bin/sh;
			shellScript = "#/usr/bin/env/bash\n\nset -e\n\n# Compile resources.\n\n# The hello-gltf app requires two resources:\n# 1. The IBL image\n# 2. The skybox image\n# These will be compiled into the final binary via the resgen tool.\n\nHOST_TOOLS_PATH=\"${HOST_TOOLS_PATH:-../../../out/release/filament/bin}\"\n\nresgen_path=`find ${HOST_TOOLS_PATH} -name resgen -type f | head -n 1`\ncmgen_path=`find ${HOST_TOOLS_PATH} -name cmgen -type f | head -n 1`\n\n# Ensure that the required tools are present in the out/ directory.\n# These can be built by running ./build.sh -p desktop -i release at Filament's root directory.\n\nif [[ ! -e \"${resgen_path}\" ]]; then\n  echo \"No resgen binary could be found in ${HOST_TOOLS_PATH}.\"\n  echo \"Ensure Filament has been built/installed before building this app.\"\n  exit 1\nfi\n\nif [[ ! -e \"${cmgen_path}\" ]]; then\n  echo \"No cmgen binary could be found in ${HOST_TOOLS_PATH}.\"\n  echo \"Ensure Filament has been built/installed before building this app.\"\n  exit 1\nfi\n\n# cmgen consumes an HDR environment map and generates two mipmapped KTX files (IBL and skybox)\n\"${cmgen_path}\" \\\n    --quiet \\\n    --deploy=\"${PROJECT_DIR}/generated/venetian_crossroads_2k\" \\\n    --format=ktx --size=256 --extract-blur=0.1 \\\n    \"${PROJECT_DIR}/../../../third_party/environments/venetian_crossroads_2k.hdr\"\n\n# The resgen tool generates an assembly file, resources.apple.S that gets compiled and linked\n# into the final binary. It contains all the resources consumed by the app.\n\"${resgen_path}\" \\\n    --deploy=\"${PROJECT_DIR}/generated\" \\\n    \"${PROJECT_DIR}/generated/venetian_crossroads_2k/venetian_crossroads_2k_skybox.ktx\" \\\n    \"${PROJECT_DIR}/generated/venetian_crossroads_2k/venetian_crossroads_2k_ibl.ktx\"\n\n# App.cpp and Resources.S include files generated by resgen.\n# Touch them to force Xcode to recompile.\ntouch \"${PROJECT_DIR}/hello-gltf/FilamentView/App.cpp\"\ntouch \"${PROJECT_DIR}/hello-gltf/SupportFiles/Resources.S\"\n";
		};
/* End PBXShellScriptBuildPhase section */

/* Begin PBXSourcesBuildPhase section */
		30FFFB72D409D092136A7E09 /* Sources */ = {
			isa = PBXSourcesBuildPhase;
			buildActionMask = 2147483647;
			files = (
				4F555B8114838AF666F39CD1 /* App.cpp in Sources */,
				8D82323C866A8429A29903A8 /* AppDelegate.m in Sources */,
				DB90B94FBBD5F819ED9D1685 /* CameraManipulator.cpp in Sources */,
				ADE1F0D02BA65C77C6B109AB /* FilamentView.m in Sources */,
				3DA39FBD408D7B6F50822939 /* FilamentViewController.mm in Sources */,
				899A92E0F0148A9BAE3E7B1A /* Resources.S in Sources */,
				B766A23145C9D58BB09CB068 /* main.m in Sources */,
			);
			runOnlyForDeploymentPostprocessing = 0;
		};
/* End PBXSourcesBuildPhase section */

/* Begin PBXVariantGroup section */
		59032D070D1641AA60F6CC2D /* Main.storyboard */ = {
			isa = PBXVariantGroup;
			children = (
				07D735319AF2DC69DB8981FE /* Base */,
			);
			name = Main.storyboard;
			sourceTree = "<group>";
		};
		FEA341C442B210CFD35E4663 /* LaunchScreen.storyboard */ = {
			isa = PBXVariantGroup;
			children = (
				31A71C869E24044EA5F802D5 /* Base */,
			);
			name = LaunchScreen.storyboard;
			sourceTree = "<group>";
		};
/* End PBXVariantGroup section */

/* Begin XCBuildConfiguration section */
		161A6B16FC9965670B83726E /* Metal Debug */ = {
			isa = XCBuildConfiguration;
			buildSettings = {
				ALWAYS_SEARCH_USER_PATHS = NO;
				CLANG_ANALYZER_NONNULL = YES;
				CLANG_ANALYZER_NUMBER_OBJECT_CONVERSION = YES_AGGRESSIVE;
				CLANG_CXX_LANGUAGE_STANDARD = "gnu++14";
				CLANG_CXX_LIBRARY = "libc++";
				CLANG_ENABLE_MODULES = YES;
				CLANG_ENABLE_OBJC_ARC = YES;
				CLANG_ENABLE_OBJC_WEAK = YES;
				CLANG_WARN_BLOCK_CAPTURE_AUTORELEASING = YES;
				CLANG_WARN_BOOL_CONVERSION = YES;
				CLANG_WARN_COMMA = YES;
				CLANG_WARN_CONSTANT_CONVERSION = YES;
				CLANG_WARN_DEPRECATED_OBJC_IMPLEMENTATIONS = YES;
				CLANG_WARN_DIRECT_OBJC_ISA_USAGE = YES_ERROR;
				CLANG_WARN_DOCUMENTATION_COMMENTS = YES;
				CLANG_WARN_EMPTY_BODY = YES;
				CLANG_WARN_ENUM_CONVERSION = YES;
				CLANG_WARN_INFINITE_RECURSION = YES;
				CLANG_WARN_INT_CONVERSION = YES;
				CLANG_WARN_NON_LITERAL_NULL_CONVERSION = YES;
				CLANG_WARN_OBJC_IMPLICIT_RETAIN_SELF = YES;
				CLANG_WARN_OBJC_LITERAL_CONVERSION = YES;
				CLANG_WARN_OBJC_ROOT_CLASS = YES_ERROR;
				CLANG_WARN_QUOTED_INCLUDE_IN_FRAMEWORK_HEADER = YES;
				CLANG_WARN_RANGE_LOOP_ANALYSIS = YES;
				CLANG_WARN_STRICT_PROTOTYPES = YES;
				CLANG_WARN_SUSPICIOUS_MOVE = YES;
				CLANG_WARN_UNGUARDED_AVAILABILITY = YES_AGGRESSIVE;
				CLANG_WARN_UNREACHABLE_CODE = YES;
				CLANG_WARN__DUPLICATE_METHOD_MATCH = YES;
				COPY_PHASE_STRIP = NO;
				DEBUG_INFORMATION_FORMAT = dwarf;
				ENABLE_STRICT_OBJC_MSGSEND = YES;
				ENABLE_TESTABILITY = YES;
				GCC_C_LANGUAGE_STANDARD = gnu11;
				GCC_DYNAMIC_NO_PIC = NO;
				GCC_NO_COMMON_BLOCKS = YES;
				GCC_OPTIMIZATION_LEVEL = 0;
				GCC_PREPROCESSOR_DEFINITIONS = (
					"$(inherited)",
					"DEBUG=1",
				);
				GCC_WARN_64_TO_32_BIT_CONVERSION = YES;
				GCC_WARN_ABOUT_RETURN_TYPE = YES_ERROR;
				GCC_WARN_UNDECLARED_SELECTOR = YES;
				GCC_WARN_UNINITIALIZED_AUTOS = YES_AGGRESSIVE;
				GCC_WARN_UNUSED_FUNCTION = YES;
				GCC_WARN_UNUSED_VARIABLE = YES;
				MTL_ENABLE_DEBUG_INFO = INCLUDE_SOURCE;
				MTL_FAST_MATH = YES;
				ONLY_ACTIVE_ARCH = YES;
				PRODUCT_NAME = "$(TARGET_NAME)";
				SDKROOT = iphoneos;
				SWIFT_ACTIVE_COMPILATION_CONDITIONS = DEBUG;
				SWIFT_OPTIMIZATION_LEVEL = "-Onone";
				SWIFT_VERSION = 5.0;
			};
			name = "Metal Debug";
		};
		27C4D8D0780B95190F6A4D3C /* OpenGL Release */ = {
			isa = XCBuildConfiguration;
			buildSettings = {
				ASSETCATALOG_COMPILER_APPICON_NAME = AppIcon;
				CLANG_CXX_LANGUAGE_STANDARD = "gnu++17";
				CODE_SIGN_IDENTITY = "iPhone Developer";
				ENABLE_BITCODE = NO;
				FRAMEWORK_SEARCH_PATHS = (
					"$(inherited)",
					"\"$(SRCROOT)/../../../out/ios-release/filament/lib\"",
					"\"../../../out/ios-release/filament/lib\"",
				);
				GCC_PREPROCESSOR_DEFINITIONS = (
					"FILAMENT_APP_USE_OPENGL=1",
					"$(inherited)",
				);
				HEADER_SEARCH_PATHS = (
					"../../../out/ios-release/filament/include",
					generated,
				);
				INFOPLIST_FILE = "hello-gltf/SupportFiles/Info.plist";
				IPHONEOS_DEPLOYMENT_TARGET = 12.1;
				LD_RUNPATH_SEARCH_PATHS = (
					"$(inherited)",
					"@executable_path/Frameworks",
				);
				PRODUCT_BUNDLE_IDENTIFIER = "${SAMPLE_CODE_DISAMBIGUATOR}.google.filament.hello-gltf";
				SAMPLE_CODE_DISAMBIGUATOR = "${DEVELOPMENT_TEAM}";
				SDKROOT = iphoneos;
				TARGETED_DEVICE_FAMILY = "1,2";
			};
			name = "OpenGL Release";
		};
		509C947919BED377E97944A3 /* OpenGL Debug */ = {
			isa = XCBuildConfiguration;
			buildSettings = {
				ASSETCATALOG_COMPILER_APPICON_NAME = AppIcon;
				CLANG_CXX_LANGUAGE_STANDARD = "gnu++17";
				CODE_SIGN_IDENTITY = "iPhone Developer";
				ENABLE_BITCODE = NO;
				FRAMEWORK_SEARCH_PATHS = (
					"$(inherited)",
					"\"$(SRCROOT)/../../../out/ios-release/filament/lib\"",
					"\"../../../out/ios-release/filament/lib\"",
				);
				GCC_PREPROCESSOR_DEFINITIONS = (
					"FILAMENT_APP_USE_OPENGL=1",
					"$(inherited)",
				);
				HEADER_SEARCH_PATHS = (
					"../../../out/ios-debug/filament/include",
					generated,
				);
				INFOPLIST_FILE = "hello-gltf/SupportFiles/Info.plist";
				IPHONEOS_DEPLOYMENT_TARGET = 12.1;
				LD_RUNPATH_SEARCH_PATHS = (
					"$(inherited)",
					"@executable_path/Frameworks",
				);
				PRODUCT_BUNDLE_IDENTIFIER = "${SAMPLE_CODE_DISAMBIGUATOR}.google.filament.hello-gltf";
				SAMPLE_CODE_DISAMBIGUATOR = "${DEVELOPMENT_TEAM}";
				SDKROOT = iphoneos;
				TARGETED_DEVICE_FAMILY = "1,2";
			};
			name = "OpenGL Debug";
		};
		72A5169BBB2C5E7E02355290 /* OpenGL Debug */ = {
			isa = XCBuildConfiguration;
			buildSettings = {
				ALWAYS_SEARCH_USER_PATHS = NO;
				CLANG_ANALYZER_NONNULL = YES;
				CLANG_ANALYZER_NUMBER_OBJECT_CONVERSION = YES_AGGRESSIVE;
				CLANG_CXX_LANGUAGE_STANDARD = "gnu++14";
				CLANG_CXX_LIBRARY = "libc++";
				CLANG_ENABLE_MODULES = YES;
				CLANG_ENABLE_OBJC_ARC = YES;
				CLANG_ENABLE_OBJC_WEAK = YES;
				CLANG_WARN_BLOCK_CAPTURE_AUTORELEASING = YES;
				CLANG_WARN_BOOL_CONVERSION = YES;
				CLANG_WARN_COMMA = YES;
				CLANG_WARN_CONSTANT_CONVERSION = YES;
				CLANG_WARN_DEPRECATED_OBJC_IMPLEMENTATIONS = YES;
				CLANG_WARN_DIRECT_OBJC_ISA_USAGE = YES_ERROR;
				CLANG_WARN_DOCUMENTATION_COMMENTS = YES;
				CLANG_WARN_EMPTY_BODY = YES;
				CLANG_WARN_ENUM_CONVERSION = YES;
				CLANG_WARN_INFINITE_RECURSION = YES;
				CLANG_WARN_INT_CONVERSION = YES;
				CLANG_WARN_NON_LITERAL_NULL_CONVERSION = YES;
				CLANG_WARN_OBJC_IMPLICIT_RETAIN_SELF = YES;
				CLANG_WARN_OBJC_LITERAL_CONVERSION = YES;
				CLANG_WARN_OBJC_ROOT_CLASS = YES_ERROR;
				CLANG_WARN_QUOTED_INCLUDE_IN_FRAMEWORK_HEADER = YES;
				CLANG_WARN_RANGE_LOOP_ANALYSIS = YES;
				CLANG_WARN_STRICT_PROTOTYPES = YES;
				CLANG_WARN_SUSPICIOUS_MOVE = YES;
				CLANG_WARN_UNGUARDED_AVAILABILITY = YES_AGGRESSIVE;
				CLANG_WARN_UNREACHABLE_CODE = YES;
				CLANG_WARN__DUPLICATE_METHOD_MATCH = YES;
				COPY_PHASE_STRIP = NO;
				DEBUG_INFORMATION_FORMAT = dwarf;
				ENABLE_STRICT_OBJC_MSGSEND = YES;
				ENABLE_TESTABILITY = YES;
				GCC_C_LANGUAGE_STANDARD = gnu11;
				GCC_DYNAMIC_NO_PIC = NO;
				GCC_NO_COMMON_BLOCKS = YES;
				GCC_OPTIMIZATION_LEVEL = 0;
				GCC_PREPROCESSOR_DEFINITIONS = (
					"$(inherited)",
					"DEBUG=1",
				);
				GCC_WARN_64_TO_32_BIT_CONVERSION = YES;
				GCC_WARN_ABOUT_RETURN_TYPE = YES_ERROR;
				GCC_WARN_UNDECLARED_SELECTOR = YES;
				GCC_WARN_UNINITIALIZED_AUTOS = YES_AGGRESSIVE;
				GCC_WARN_UNUSED_FUNCTION = YES;
				GCC_WARN_UNUSED_VARIABLE = YES;
				MTL_ENABLE_DEBUG_INFO = INCLUDE_SOURCE;
				MTL_FAST_MATH = YES;
				ONLY_ACTIVE_ARCH = YES;
				PRODUCT_NAME = "$(TARGET_NAME)";
				SDKROOT = iphoneos;
				SWIFT_ACTIVE_COMPILATION_CONDITIONS = DEBUG;
				SWIFT_OPTIMIZATION_LEVEL = "-Onone";
				SWIFT_VERSION = 5.0;
			};
			name = "OpenGL Debug";
		};
		895443529C80ABBB9B75881F /* Metal Release */ = {
			isa = XCBuildConfiguration;
			buildSettings = {
				ALWAYS_SEARCH_USER_PATHS = NO;
				CLANG_ANALYZER_NONNULL = YES;
				CLANG_ANALYZER_NUMBER_OBJECT_CONVERSION = YES_AGGRESSIVE;
				CLANG_CXX_LANGUAGE_STANDARD = "gnu++14";
				CLANG_CXX_LIBRARY = "libc++";
				CLANG_ENABLE_MODULES = YES;
				CLANG_ENABLE_OBJC_ARC = YES;
				CLANG_ENABLE_OBJC_WEAK = YES;
				CLANG_WARN_BLOCK_CAPTURE_AUTORELEASING = YES;
				CLANG_WARN_BOOL_CONVERSION = YES;
				CLANG_WARN_COMMA = YES;
				CLANG_WARN_CONSTANT_CONVERSION = YES;
				CLANG_WARN_DEPRECATED_OBJC_IMPLEMENTATIONS = YES;
				CLANG_WARN_DIRECT_OBJC_ISA_USAGE = YES_ERROR;
				CLANG_WARN_DOCUMENTATION_COMMENTS = YES;
				CLANG_WARN_EMPTY_BODY = YES;
				CLANG_WARN_ENUM_CONVERSION = YES;
				CLANG_WARN_INFINITE_RECURSION = YES;
				CLANG_WARN_INT_CONVERSION = YES;
				CLANG_WARN_NON_LITERAL_NULL_CONVERSION = YES;
				CLANG_WARN_OBJC_IMPLICIT_RETAIN_SELF = YES;
				CLANG_WARN_OBJC_LITERAL_CONVERSION = YES;
				CLANG_WARN_OBJC_ROOT_CLASS = YES_ERROR;
				CLANG_WARN_QUOTED_INCLUDE_IN_FRAMEWORK_HEADER = YES;
				CLANG_WARN_RANGE_LOOP_ANALYSIS = YES;
				CLANG_WARN_STRICT_PROTOTYPES = YES;
				CLANG_WARN_SUSPICIOUS_MOVE = YES;
				CLANG_WARN_UNGUARDED_AVAILABILITY = YES_AGGRESSIVE;
				CLANG_WARN_UNREACHABLE_CODE = YES;
				CLANG_WARN__DUPLICATE_METHOD_MATCH = YES;
				COPY_PHASE_STRIP = NO;
				DEBUG_INFORMATION_FORMAT = "dwarf-with-dsym";
				ENABLE_NS_ASSERTIONS = NO;
				ENABLE_STRICT_OBJC_MSGSEND = YES;
				GCC_C_LANGUAGE_STANDARD = gnu11;
				GCC_NO_COMMON_BLOCKS = YES;
				GCC_WARN_64_TO_32_BIT_CONVERSION = YES;
				GCC_WARN_ABOUT_RETURN_TYPE = YES_ERROR;
				GCC_WARN_UNDECLARED_SELECTOR = YES;
				GCC_WARN_UNINITIALIZED_AUTOS = YES_AGGRESSIVE;
				GCC_WARN_UNUSED_FUNCTION = YES;
				GCC_WARN_UNUSED_VARIABLE = YES;
				MTL_ENABLE_DEBUG_INFO = NO;
				MTL_FAST_MATH = YES;
				PRODUCT_NAME = "$(TARGET_NAME)";
				SDKROOT = iphoneos;
				SWIFT_COMPILATION_MODE = wholemodule;
				SWIFT_OPTIMIZATION_LEVEL = "-O";
				SWIFT_VERSION = 5.0;
			};
			name = "Metal Release";
		};
		98EF694A111236D70B23EDE5 /* OpenGL Release */ = {
			isa = XCBuildConfiguration;
			buildSettings = {
				ALWAYS_SEARCH_USER_PATHS = NO;
				CLANG_ANALYZER_NONNULL = YES;
				CLANG_ANALYZER_NUMBER_OBJECT_CONVERSION = YES_AGGRESSIVE;
				CLANG_CXX_LANGUAGE_STANDARD = "gnu++14";
				CLANG_CXX_LIBRARY = "libc++";
				CLANG_ENABLE_MODULES = YES;
				CLANG_ENABLE_OBJC_ARC = YES;
				CLANG_ENABLE_OBJC_WEAK = YES;
				CLANG_WARN_BLOCK_CAPTURE_AUTORELEASING = YES;
				CLANG_WARN_BOOL_CONVERSION = YES;
				CLANG_WARN_COMMA = YES;
				CLANG_WARN_CONSTANT_CONVERSION = YES;
				CLANG_WARN_DEPRECATED_OBJC_IMPLEMENTATIONS = YES;
				CLANG_WARN_DIRECT_OBJC_ISA_USAGE = YES_ERROR;
				CLANG_WARN_DOCUMENTATION_COMMENTS = YES;
				CLANG_WARN_EMPTY_BODY = YES;
				CLANG_WARN_ENUM_CONVERSION = YES;
				CLANG_WARN_INFINITE_RECURSION = YES;
				CLANG_WARN_INT_CONVERSION = YES;
				CLANG_WARN_NON_LITERAL_NULL_CONVERSION = YES;
				CLANG_WARN_OBJC_IMPLICIT_RETAIN_SELF = YES;
				CLANG_WARN_OBJC_LITERAL_CONVERSION = YES;
				CLANG_WARN_OBJC_ROOT_CLASS = YES_ERROR;
				CLANG_WARN_QUOTED_INCLUDE_IN_FRAMEWORK_HEADER = YES;
				CLANG_WARN_RANGE_LOOP_ANALYSIS = YES;
				CLANG_WARN_STRICT_PROTOTYPES = YES;
				CLANG_WARN_SUSPICIOUS_MOVE = YES;
				CLANG_WARN_UNGUARDED_AVAILABILITY = YES_AGGRESSIVE;
				CLANG_WARN_UNREACHABLE_CODE = YES;
				CLANG_WARN__DUPLICATE_METHOD_MATCH = YES;
				COPY_PHASE_STRIP = NO;
				DEBUG_INFORMATION_FORMAT = "dwarf-with-dsym";
				ENABLE_NS_ASSERTIONS = NO;
				ENABLE_STRICT_OBJC_MSGSEND = YES;
				GCC_C_LANGUAGE_STANDARD = gnu11;
				GCC_NO_COMMON_BLOCKS = YES;
				GCC_WARN_64_TO_32_BIT_CONVERSION = YES;
				GCC_WARN_ABOUT_RETURN_TYPE = YES_ERROR;
				GCC_WARN_UNDECLARED_SELECTOR = YES;
				GCC_WARN_UNINITIALIZED_AUTOS = YES_AGGRESSIVE;
				GCC_WARN_UNUSED_FUNCTION = YES;
				GCC_WARN_UNUSED_VARIABLE = YES;
				MTL_ENABLE_DEBUG_INFO = NO;
				MTL_FAST_MATH = YES;
				PRODUCT_NAME = "$(TARGET_NAME)";
				SDKROOT = iphoneos;
				SWIFT_COMPILATION_MODE = wholemodule;
				SWIFT_OPTIMIZATION_LEVEL = "-O";
				SWIFT_VERSION = 5.0;
			};
			name = "OpenGL Release";
		};
		C5157048F1B290D39761ED4F /* Metal Release */ = {
			isa = XCBuildConfiguration;
			buildSettings = {
				ASSETCATALOG_COMPILER_APPICON_NAME = AppIcon;
				CLANG_CXX_LANGUAGE_STANDARD = "gnu++17";
				CODE_SIGN_IDENTITY = "iPhone Developer";
				ENABLE_BITCODE = NO;
				FRAMEWORK_SEARCH_PATHS = (
					"$(inherited)",
					"\"$(SRCROOT)/../../../out/ios-release/filament/lib\"",
					"\"../../../out/ios-release/filament/lib\"",
				);
				GCC_PREPROCESSOR_DEFINITIONS = (
					"FILAMENT_APP_USE_METAL=1",
					"$(inherited)",
				);
				HEADER_SEARCH_PATHS = (
					"../../../out/ios-release/filament/include",
					generated,
				);
				INFOPLIST_FILE = "hello-gltf/SupportFiles/Info.plist";
				IPHONEOS_DEPLOYMENT_TARGET = 12.1;
				LD_RUNPATH_SEARCH_PATHS = (
					"$(inherited)",
					"@executable_path/Frameworks",
				);
				PRODUCT_BUNDLE_IDENTIFIER = "${SAMPLE_CODE_DISAMBIGUATOR}.google.filament.hello-gltf";
				SAMPLE_CODE_DISAMBIGUATOR = "${DEVELOPMENT_TEAM}";
				SDKROOT = iphoneos;
				TARGETED_DEVICE_FAMILY = "1,2";
			};
			name = "Metal Release";
		};
		E31F4FA2C21C14838BEB5751 /* Metal Debug */ = {
			isa = XCBuildConfiguration;
			buildSettings = {
				ASSETCATALOG_COMPILER_APPICON_NAME = AppIcon;
				CLANG_CXX_LANGUAGE_STANDARD = "gnu++17";
				CODE_SIGN_IDENTITY = "iPhone Developer";
				ENABLE_BITCODE = NO;
				FRAMEWORK_SEARCH_PATHS = (
					"$(inherited)",
					"\"$(SRCROOT)/../../../out/ios-release/filament/lib\"",
					"\"../../../out/ios-release/filament/lib\"",
				);
				GCC_PREPROCESSOR_DEFINITIONS = (
					"FILAMENT_APP_USE_METAL=1",
					"$(inherited)",
				);
				HEADER_SEARCH_PATHS = (
					"../../../out/ios-debug/filament/include",
					generated,
				);
				INFOPLIST_FILE = "hello-gltf/SupportFiles/Info.plist";
				IPHONEOS_DEPLOYMENT_TARGET = 12.1;
				LD_RUNPATH_SEARCH_PATHS = (
					"$(inherited)",
					"@executable_path/Frameworks",
				);
				PRODUCT_BUNDLE_IDENTIFIER = "${SAMPLE_CODE_DISAMBIGUATOR}.google.filament.hello-gltf";
				SAMPLE_CODE_DISAMBIGUATOR = "${DEVELOPMENT_TEAM}";
				SDKROOT = iphoneos;
				TARGETED_DEVICE_FAMILY = "1,2";
			};
			name = "Metal Debug";
		};
/* End XCBuildConfiguration section */

/* Begin XCConfigurationList section */
		B4AB9DA259CE43EB677725C9 /* Build configuration list for PBXNativeTarget "hello-gltf" */ = {
			isa = XCConfigurationList;
			buildConfigurations = (
				E31F4FA2C21C14838BEB5751 /* Metal Debug */,
				C5157048F1B290D39761ED4F /* Metal Release */,
				509C947919BED377E97944A3 /* OpenGL Debug */,
				27C4D8D0780B95190F6A4D3C /* OpenGL Release */,
			);
			defaultConfigurationIsVisible = 0;
			defaultConfigurationName = "Metal Debug";
		};
		C7514DDCFDA3C5F803E239F9 /* Build configuration list for PBXProject "hello-gltf" */ = {
			isa = XCConfigurationList;
			buildConfigurations = (
				161A6B16FC9965670B83726E /* Metal Debug */,
				895443529C80ABBB9B75881F /* Metal Release */,
				72A5169BBB2C5E7E02355290 /* OpenGL Debug */,
				98EF694A111236D70B23EDE5 /* OpenGL Release */,
			);
			defaultConfigurationIsVisible = 0;
			defaultConfigurationName = "Metal Debug";
		};
/* End XCConfigurationList section */
	};
	rootObject = 690D846B2164EA54ABAD02A4 /* Project object */;
}
