// !$*UTF8*$!
{
	archiveVersion = 1;
	classes = {
	};
	objectVersion = 51;
	objects = {

/* Begin PBXBuildFile section */
		643749757FD9F8A609A336C7 /* Assets.xcassets in Resources */ = {isa = PBXBuildFile; fileRef = E749A05E4E5F36757FB9399C /* Assets.xcassets */; };
		65FE8CD16998C5D479C9858E /* AppDelegate.m in Sources */ = {isa = PBXBuildFile; fileRef = C8CF5D9EB8BA11B44F639DFE /* AppDelegate.m */; };
		740AB9277340CDD2222020E2 /* main.m in Sources */ = {isa = PBXBuildFile; fileRef = AA728ADDAAE09D3A5FD80C82 /* main.m */; };
		7F65E29DE4BF2CAA0D0759AA /* Main.storyboard in Resources */ = {isa = PBXBuildFile; fileRef = 959043C1F56EAAE872B0FF05 /* Main.storyboard */; };
		A9C3D93FE47802953C8A0868 /* FilamentView.mm in Sources */ = {isa = PBXBuildFile; fileRef = 1A807B46A326F19ABCEE0D62 /* FilamentView.mm */; };
		CAB4734A7E608F3C36C4C9C8 /* ViewController.m in Sources */ = {isa = PBXBuildFile; fileRef = E6D9072BB2A497EEE9A7B662 /* ViewController.m */; };
		DF6374DDCFE55DD536B52033 /* LaunchScreen.storyboard in Resources */ = {isa = PBXBuildFile; fileRef = 96B770972E0F353852755AB3 /* LaunchScreen.storyboard */; };
/* End PBXBuildFile section */

/* Begin PBXFileReference section */
		023105B81B6C662A3BABDC92 /* Base */ = {isa = PBXFileReference; lastKnownFileType = file.storyboard; name = Base; path = Base.lproj/LaunchScreen.storyboard; sourceTree = "<group>"; };
		0A8B371B11D177469DFEBB86 /* AppDelegate.h */ = {isa = PBXFileReference; lastKnownFileType = sourcecode.c.h; path = AppDelegate.h; sourceTree = "<group>"; };
		1A807B46A326F19ABCEE0D62 /* FilamentView.mm */ = {isa = PBXFileReference; lastKnownFileType = sourcecode.cpp.objcpp; path = FilamentView.mm; sourceTree = "<group>"; };
		2F32AE4C99AA8AE39BB09F0A /* ViewController.h */ = {isa = PBXFileReference; lastKnownFileType = sourcecode.c.h; path = ViewController.h; sourceTree = "<group>"; };
		7ED3EBFE01876351CFF9AD1A /* transparent-rendering.app */ = {isa = PBXFileReference; includeInIndex = 0; lastKnownFileType = wrapper.application; path = "transparent-rendering.app"; sourceTree = BUILT_PRODUCTS_DIR; };
		952B0BE8EFAEF9B6FCB77798 /* Info.plist */ = {isa = PBXFileReference; lastKnownFileType = text.plist; path = Info.plist; sourceTree = "<group>"; };
		A5E8D7CA26C338BF3D9D1932 /* Base */ = {isa = PBXFileReference; lastKnownFileType = file.storyboard; name = Base; path = Base.lproj/Main.storyboard; sourceTree = "<group>"; };
		AA728ADDAAE09D3A5FD80C82 /* main.m */ = {isa = PBXFileReference; lastKnownFileType = sourcecode.c.objc; path = main.m; sourceTree = "<group>"; };
		BD21E933E2F77EE5ACBCDD5F /* FilamentView.h */ = {isa = PBXFileReference; lastKnownFileType = sourcecode.c.h; path = FilamentView.h; sourceTree = "<group>"; };
		C8CF5D9EB8BA11B44F639DFE /* AppDelegate.m */ = {isa = PBXFileReference; lastKnownFileType = sourcecode.c.objc; path = AppDelegate.m; sourceTree = "<group>"; };
		E6D9072BB2A497EEE9A7B662 /* ViewController.m */ = {isa = PBXFileReference; lastKnownFileType = sourcecode.c.objc; path = ViewController.m; sourceTree = "<group>"; };
		E749A05E4E5F36757FB9399C /* Assets.xcassets */ = {isa = PBXFileReference; lastKnownFileType = folder.assetcatalog; path = Assets.xcassets; sourceTree = "<group>"; };
/* End PBXFileReference section */

/* Begin PBXGroup section */
		0B098038EF2CFAC88AFE0F18 /* Products */ = {
			isa = PBXGroup;
			children = (
				7ED3EBFE01876351CFF9AD1A /* transparent-rendering.app */,
			);
			name = Products;
			sourceTree = "<group>";
		};
		4C27390036DEB15C67D5A664 = {
			isa = PBXGroup;
			children = (
				6E33B6C4EE9FFF8BBCE5DD20 /* transparent-rendering */,
				0B098038EF2CFAC88AFE0F18 /* Products */,
			);
			sourceTree = "<group>";
		};
		6E33B6C4EE9FFF8BBCE5DD20 /* transparent-rendering */ = {
			isa = PBXGroup;
			children = (
				0A8B371B11D177469DFEBB86 /* AppDelegate.h */,
				C8CF5D9EB8BA11B44F639DFE /* AppDelegate.m */,
				E749A05E4E5F36757FB9399C /* Assets.xcassets */,
				BD21E933E2F77EE5ACBCDD5F /* FilamentView.h */,
				1A807B46A326F19ABCEE0D62 /* FilamentView.mm */,
				952B0BE8EFAEF9B6FCB77798 /* Info.plist */,
				96B770972E0F353852755AB3 /* LaunchScreen.storyboard */,
				AA728ADDAAE09D3A5FD80C82 /* main.m */,
				959043C1F56EAAE872B0FF05 /* Main.storyboard */,
				2F32AE4C99AA8AE39BB09F0A /* ViewController.h */,
				E6D9072BB2A497EEE9A7B662 /* ViewController.m */,
			);
			path = "transparent-rendering";
			sourceTree = "<group>";
		};
/* End PBXGroup section */

/* Begin PBXNativeTarget section */
		F7A862EEAC14A42D91D5B720 /* transparent-rendering */ = {
			isa = PBXNativeTarget;
			buildConfigurationList = 231E5FAC260056F9AF2764A2 /* Build configuration list for PBXNativeTarget "transparent-rendering" */;
			buildPhases = (
				31596072423F6FB0A84C97A0 /* Build Materials */,
				EE3B63E6A11EDDBC48502B27 /* Sources */,
				A676D3A853739CDAB454587E /* Resources */,
			);
			buildRules = (
			);
			dependencies = (
			);
			name = "transparent-rendering";
			productName = "transparent-rendering";
			productReference = 7ED3EBFE01876351CFF9AD1A /* transparent-rendering.app */;
			productType = "com.apple.product-type.application";
		};
/* End PBXNativeTarget section */

/* Begin PBXProject section */
		81DCFDD51562B31512E28C40 /* Project object */ = {
			isa = PBXProject;
			attributes = {
				LastUpgradeCheck = 1200;
				TargetAttributes = {
				};
			};
			buildConfigurationList = 8A22BD23DB15965551506480 /* Build configuration list for PBXProject "transparent-rendering" */;
			compatibilityVersion = "Xcode 11.0";
			developmentRegion = en;
			hasScannedForEncodings = 0;
			knownRegions = (
				Base,
				en,
			);
			mainGroup = 4C27390036DEB15C67D5A664;
			projectDirPath = "";
			projectRoot = "";
			targets = (
				F7A862EEAC14A42D91D5B720 /* transparent-rendering */,
			);
		};
/* End PBXProject section */

/* Begin PBXResourcesBuildPhase section */
		A676D3A853739CDAB454587E /* Resources */ = {
			isa = PBXResourcesBuildPhase;
			buildActionMask = 2147483647;
			files = (
				643749757FD9F8A609A336C7 /* Assets.xcassets in Resources */,
				DF6374DDCFE55DD536B52033 /* LaunchScreen.storyboard in Resources */,
				7F65E29DE4BF2CAA0D0759AA /* Main.storyboard in Resources */,
			);
			runOnlyForDeploymentPostprocessing = 0;
		};
/* End PBXResourcesBuildPhase section */

/* Begin PBXShellScriptBuildPhase section */
		31596072423F6FB0A84C97A0 /* Build Materials */ = {
			isa = PBXShellScriptBuildPhase;
			buildActionMask = 2147483647;
			files = (
			);
			inputFileListPaths = (
			);
			inputPaths = (
			);
			name = "Build Materials";
			outputFileListPaths = (
			);
			outputPaths = (
			);
			runOnlyForDeploymentPostprocessing = 0;
			shellPath = /bin/sh;
			shellScript = "# Compile bakedColor material.\n\nHOST_TOOLS_PATH=\"${HOST_TOOLS_PATH:-../../../out/release/filament/bin}\"\nmatc_path=`find ${HOST_TOOLS_PATH} -name matc -type f | head -n 1`\n\nif [[ ! -e \"${matc_path}\" ]]; then\n  echo \"No matc binary could be found in ${HOST_TOOLS_PATH}.\"\n  echo \"Ensure Filament has been built/installed before building this app.\"\n  exit 1\nfi\n\nmkdir -p \"${PROJECT_DIR}/generated/\"\n\"${matc_path}\" \\\n    --api all \\\n    -f header \\\n    -o \"${PROJECT_DIR}/generated/bakedColor.inc\" \\\n    \"${PROJECT_DIR}/Materials/bakedColor.mat\"\n\n# FilamentView.mm includes bakedColor.filamat, so touch it to force Xcode to\n# recompile it.\ntouch \"${PROJECT_DIR}/transparent-rendering/FilamentView.mm\"\n";
		};
/* End PBXShellScriptBuildPhase section */

/* Begin PBXSourcesBuildPhase section */
		EE3B63E6A11EDDBC48502B27 /* Sources */ = {
			isa = PBXSourcesBuildPhase;
			buildActionMask = 2147483647;
			files = (
				65FE8CD16998C5D479C9858E /* AppDelegate.m in Sources */,
				A9C3D93FE47802953C8A0868 /* FilamentView.mm in Sources */,
				CAB4734A7E608F3C36C4C9C8 /* ViewController.m in Sources */,
				740AB9277340CDD2222020E2 /* main.m in Sources */,
			);
			runOnlyForDeploymentPostprocessing = 0;
		};
/* End PBXSourcesBuildPhase section */

/* Begin PBXVariantGroup section */
		959043C1F56EAAE872B0FF05 /* Main.storyboard */ = {
			isa = PBXVariantGroup;
			children = (
				A5E8D7CA26C338BF3D9D1932 /* Base */,
			);
			name = Main.storyboard;
			sourceTree = "<group>";
		};
		96B770972E0F353852755AB3 /* LaunchScreen.storyboard */ = {
			isa = PBXVariantGroup;
			children = (
				023105B81B6C662A3BABDC92 /* Base */,
			);
			name = LaunchScreen.storyboard;
			sourceTree = "<group>";
		};
/* End PBXVariantGroup section */

/* Begin XCBuildConfiguration section */
		250833D75CB83F7A4ACC57B8 /* OpenGL Release */ = {
			isa = XCBuildConfiguration;
			buildSettings = {
				ALWAYS_SEARCH_USER_PATHS = NO;
				CLANG_ANALYZER_NONNULL = YES;
				CLANG_ANALYZER_NUMBER_OBJECT_CONVERSION = YES_AGGRESSIVE;
				CLANG_CXX_LANGUAGE_STANDARD = "gnu++14";
				CLANG_CXX_LIBRARY = "libc++";
				CLANG_ENABLE_MODULES = YES;
				CLANG_ENABLE_OBJC_ARC = YES;
				CLANG_ENABLE_OBJC_WEAK = YES;
				CLANG_WARN_BLOCK_CAPTURE_AUTORELEASING = YES;
				CLANG_WARN_BOOL_CONVERSION = YES;
				CLANG_WARN_COMMA = YES;
				CLANG_WARN_CONSTANT_CONVERSION = YES;
				CLANG_WARN_DEPRECATED_OBJC_IMPLEMENTATIONS = YES;
				CLANG_WARN_DIRECT_OBJC_ISA_USAGE = YES_ERROR;
				CLANG_WARN_DOCUMENTATION_COMMENTS = YES;
				CLANG_WARN_EMPTY_BODY = YES;
				CLANG_WARN_ENUM_CONVERSION = YES;
				CLANG_WARN_INFINITE_RECURSION = YES;
				CLANG_WARN_INT_CONVERSION = YES;
				CLANG_WARN_NON_LITERAL_NULL_CONVERSION = YES;
				CLANG_WARN_OBJC_IMPLICIT_RETAIN_SELF = YES;
				CLANG_WARN_OBJC_LITERAL_CONVERSION = YES;
				CLANG_WARN_OBJC_ROOT_CLASS = YES_ERROR;
				CLANG_WARN_QUOTED_INCLUDE_IN_FRAMEWORK_HEADER = YES;
				CLANG_WARN_RANGE_LOOP_ANALYSIS = YES;
				CLANG_WARN_STRICT_PROTOTYPES = YES;
				CLANG_WARN_SUSPICIOUS_MOVE = YES;
				CLANG_WARN_UNGUARDED_AVAILABILITY = YES_AGGRESSIVE;
				CLANG_WARN_UNREACHABLE_CODE = YES;
				CLANG_WARN__DUPLICATE_METHOD_MATCH = YES;
				COPY_PHASE_STRIP = NO;
				DEBUG_INFORMATION_FORMAT = "dwarf-with-dsym";
				ENABLE_NS_ASSERTIONS = NO;
				ENABLE_STRICT_OBJC_MSGSEND = YES;
				GCC_C_LANGUAGE_STANDARD = gnu11;
				GCC_NO_COMMON_BLOCKS = YES;
				GCC_WARN_64_TO_32_BIT_CONVERSION = YES;
				GCC_WARN_ABOUT_RETURN_TYPE = YES_ERROR;
				GCC_WARN_UNDECLARED_SELECTOR = YES;
				GCC_WARN_UNINITIALIZED_AUTOS = YES_AGGRESSIVE;
				GCC_WARN_UNUSED_FUNCTION = YES;
				GCC_WARN_UNUSED_VARIABLE = YES;
				MTL_ENABLE_DEBUG_INFO = NO;
				MTL_FAST_MATH = YES;
				PRODUCT_NAME = "$(TARGET_NAME)";
				SDKROOT = iphoneos;
				SWIFT_COMPILATION_MODE = wholemodule;
				SWIFT_OPTIMIZATION_LEVEL = "-O";
				SWIFT_VERSION = 5.0;
			};
			name = "OpenGL Release";
		};
		2F46B1C68BC4840E998339BD /* OpenGL Debug */ = {
			isa = XCBuildConfiguration;
			buildSettings = {
				ALWAYS_SEARCH_USER_PATHS = NO;
				CLANG_ANALYZER_NONNULL = YES;
				CLANG_ANALYZER_NUMBER_OBJECT_CONVERSION = YES_AGGRESSIVE;
				CLANG_CXX_LANGUAGE_STANDARD = "gnu++14";
				CLANG_CXX_LIBRARY = "libc++";
				CLANG_ENABLE_MODULES = YES;
				CLANG_ENABLE_OBJC_ARC = YES;
				CLANG_ENABLE_OBJC_WEAK = YES;
				CLANG_WARN_BLOCK_CAPTURE_AUTORELEASING = YES;
				CLANG_WARN_BOOL_CONVERSION = YES;
				CLANG_WARN_COMMA = YES;
				CLANG_WARN_CONSTANT_CONVERSION = YES;
				CLANG_WARN_DEPRECATED_OBJC_IMPLEMENTATIONS = YES;
				CLANG_WARN_DIRECT_OBJC_ISA_USAGE = YES_ERROR;
				CLANG_WARN_DOCUMENTATION_COMMENTS = YES;
				CLANG_WARN_EMPTY_BODY = YES;
				CLANG_WARN_ENUM_CONVERSION = YES;
				CLANG_WARN_INFINITE_RECURSION = YES;
				CLANG_WARN_INT_CONVERSION = YES;
				CLANG_WARN_NON_LITERAL_NULL_CONVERSION = YES;
				CLANG_WARN_OBJC_IMPLICIT_RETAIN_SELF = YES;
				CLANG_WARN_OBJC_LITERAL_CONVERSION = YES;
				CLANG_WARN_OBJC_ROOT_CLASS = YES_ERROR;
				CLANG_WARN_QUOTED_INCLUDE_IN_FRAMEWORK_HEADER = YES;
				CLANG_WARN_RANGE_LOOP_ANALYSIS = YES;
				CLANG_WARN_STRICT_PROTOTYPES = YES;
				CLANG_WARN_SUSPICIOUS_MOVE = YES;
				CLANG_WARN_UNGUARDED_AVAILABILITY = YES_AGGRESSIVE;
				CLANG_WARN_UNREACHABLE_CODE = YES;
				CLANG_WARN__DUPLICATE_METHOD_MATCH = YES;
				COPY_PHASE_STRIP = NO;
				DEBUG_INFORMATION_FORMAT = dwarf;
				ENABLE_STRICT_OBJC_MSGSEND = YES;
				ENABLE_TESTABILITY = YES;
				GCC_C_LANGUAGE_STANDARD = gnu11;
				GCC_DYNAMIC_NO_PIC = NO;
				GCC_NO_COMMON_BLOCKS = YES;
				GCC_OPTIMIZATION_LEVEL = 0;
				GCC_PREPROCESSOR_DEFINITIONS = (
					"$(inherited)",
					"DEBUG=1",
				);
				GCC_WARN_64_TO_32_BIT_CONVERSION = YES;
				GCC_WARN_ABOUT_RETURN_TYPE = YES_ERROR;
				GCC_WARN_UNDECLARED_SELECTOR = YES;
				GCC_WARN_UNINITIALIZED_AUTOS = YES_AGGRESSIVE;
				GCC_WARN_UNUSED_FUNCTION = YES;
				GCC_WARN_UNUSED_VARIABLE = YES;
				MTL_ENABLE_DEBUG_INFO = INCLUDE_SOURCE;
				MTL_FAST_MATH = YES;
				ONLY_ACTIVE_ARCH = YES;
				PRODUCT_NAME = "$(TARGET_NAME)";
				SDKROOT = iphoneos;
				SWIFT_ACTIVE_COMPILATION_CONDITIONS = DEBUG;
				SWIFT_OPTIMIZATION_LEVEL = "-Onone";
				SWIFT_VERSION = 5.0;
			};
			name = "OpenGL Debug";
		};
		2F8152E6E69E77B42517B18F /* Metal Release */ = {
			isa = XCBuildConfiguration;
			buildSettings = {
				ALWAYS_SEARCH_USER_PATHS = NO;
				CLANG_ANALYZER_NONNULL = YES;
				CLANG_ANALYZER_NUMBER_OBJECT_CONVERSION = YES_AGGRESSIVE;
				CLANG_CXX_LANGUAGE_STANDARD = "gnu++14";
				CLANG_CXX_LIBRARY = "libc++";
				CLANG_ENABLE_MODULES = YES;
				CLANG_ENABLE_OBJC_ARC = YES;
				CLANG_ENABLE_OBJC_WEAK = YES;
				CLANG_WARN_BLOCK_CAPTURE_AUTORELEASING = YES;
				CLANG_WARN_BOOL_CONVERSION = YES;
				CLANG_WARN_COMMA = YES;
				CLANG_WARN_CONSTANT_CONVERSION = YES;
				CLANG_WARN_DEPRECATED_OBJC_IMPLEMENTATIONS = YES;
				CLANG_WARN_DIRECT_OBJC_ISA_USAGE = YES_ERROR;
				CLANG_WARN_DOCUMENTATION_COMMENTS = YES;
				CLANG_WARN_EMPTY_BODY = YES;
				CLANG_WARN_ENUM_CONVERSION = YES;
				CLANG_WARN_INFINITE_RECURSION = YES;
				CLANG_WARN_INT_CONVERSION = YES;
				CLANG_WARN_NON_LITERAL_NULL_CONVERSION = YES;
				CLANG_WARN_OBJC_IMPLICIT_RETAIN_SELF = YES;
				CLANG_WARN_OBJC_LITERAL_CONVERSION = YES;
				CLANG_WARN_OBJC_ROOT_CLASS = YES_ERROR;
				CLANG_WARN_QUOTED_INCLUDE_IN_FRAMEWORK_HEADER = YES;
				CLANG_WARN_RANGE_LOOP_ANALYSIS = YES;
				CLANG_WARN_STRICT_PROTOTYPES = YES;
				CLANG_WARN_SUSPICIOUS_MOVE = YES;
				CLANG_WARN_UNGUARDED_AVAILABILITY = YES_AGGRESSIVE;
				CLANG_WARN_UNREACHABLE_CODE = YES;
				CLANG_WARN__DUPLICATE_METHOD_MATCH = YES;
				COPY_PHASE_STRIP = NO;
				DEBUG_INFORMATION_FORMAT = "dwarf-with-dsym";
				ENABLE_NS_ASSERTIONS = NO;
				ENABLE_STRICT_OBJC_MSGSEND = YES;
				GCC_C_LANGUAGE_STANDARD = gnu11;
				GCC_NO_COMMON_BLOCKS = YES;
				GCC_WARN_64_TO_32_BIT_CONVERSION = YES;
				GCC_WARN_ABOUT_RETURN_TYPE = YES_ERROR;
				GCC_WARN_UNDECLARED_SELECTOR = YES;
				GCC_WARN_UNINITIALIZED_AUTOS = YES_AGGRESSIVE;
				GCC_WARN_UNUSED_FUNCTION = YES;
				GCC_WARN_UNUSED_VARIABLE = YES;
				MTL_ENABLE_DEBUG_INFO = NO;
				MTL_FAST_MATH = YES;
				PRODUCT_NAME = "$(TARGET_NAME)";
				SDKROOT = iphoneos;
				SWIFT_COMPILATION_MODE = wholemodule;
				SWIFT_OPTIMIZATION_LEVEL = "-O";
				SWIFT_VERSION = 5.0;
			};
			name = "Metal Release";
		};
		761507510A96DB1A0F186C00 /* OpenGL Release */ = {
			isa = XCBuildConfiguration;
			buildSettings = {
				ASSETCATALOG_COMPILER_APPICON_NAME = AppIcon;
				CLANG_CXX_LANGUAGE_STANDARD = "gnu++17";
				CODE_SIGN_IDENTITY = "iPhone Developer";
				ENABLE_BITCODE = NO;
				GCC_PREPROCESSOR_DEFINITIONS = (
					"FILAMENT_APP_USE_OPENGL=1",
					"$(inherited)",
				);
				HEADER_SEARCH_PATHS = (
					"../../../out/ios-release/filament/include",
					generated,
				);
				INFOPLIST_FILE = "transparent-rendering/Info.plist";
				IPHONEOS_DEPLOYMENT_TARGET = 12.1;
				LD_RUNPATH_SEARCH_PATHS = (
					"$(inherited)",
					"@executable_path/Frameworks",
				);
				LIBRARY_SEARCH_PATHS = (
					"../../../out/ios-release/filament/lib/$(CURRENT_ARCH)",
					"../../../out/ios-release/filament/lib/universal",
				);
				OTHER_LDFLAGS = (
					"-lfilament",
					"-lbackend",
					"-lfilaflat",
					"-lktxreader",
					"-lfilabridge",
					"-lutils",
					"-lsmol-v",
					"-lgeometry",
					"-libl",
				);
				PRODUCT_BUNDLE_IDENTIFIER = "${SAMPLE_CODE_DISAMBIGUATOR}.google.filament.transparent-rendering";
				SAMPLE_CODE_DISAMBIGUATOR = "${DEVELOPMENT_TEAM}";
				SDKROOT = iphoneos;
				TARGETED_DEVICE_FAMILY = "1,2";
			};
			name = "OpenGL Release";
		};
		B57CE8F9189335B42DC044A5 /* Metal Debug */ = {
			isa = XCBuildConfiguration;
			buildSettings = {
				ASSETCATALOG_COMPILER_APPICON_NAME = AppIcon;
				CLANG_CXX_LANGUAGE_STANDARD = "gnu++17";
				CODE_SIGN_IDENTITY = "iPhone Developer";
				ENABLE_BITCODE = NO;
				GCC_PREPROCESSOR_DEFINITIONS = (
					"FILAMENT_APP_USE_METAL=1",
					"$(inherited)",
				);
				HEADER_SEARCH_PATHS = (
					"../../../out/ios-debug/filament/include",
					generated,
				);
				INFOPLIST_FILE = "transparent-rendering/Info.plist";
				IPHONEOS_DEPLOYMENT_TARGET = 12.1;
				LD_RUNPATH_SEARCH_PATHS = (
					"$(inherited)",
					"@executable_path/Frameworks",
				);
				LIBRARY_SEARCH_PATHS = (
					"../../../out/ios-debug/filament/lib/$(CURRENT_ARCH)",
					"../../../out/ios-debug/filament/lib/universal",
				);
				OTHER_LDFLAGS = (
					"-lfilament",
					"-lbackend",
					"-lfilaflat",
					"-lktxreader",
					"-lfilabridge",
					"-lutils",
					"-lsmol-v",
					"-lgeometry",
					"-libl",
				);
				PRODUCT_BUNDLE_IDENTIFIER = "${SAMPLE_CODE_DISAMBIGUATOR}.google.filament.transparent-rendering";
				SAMPLE_CODE_DISAMBIGUATOR = "${DEVELOPMENT_TEAM}";
				SDKROOT = iphoneos;
				TARGETED_DEVICE_FAMILY = "1,2";
			};
			name = "Metal Debug";
		};
		D4F91B43CB80D3B321B51436 /* OpenGL Debug */ = {
			isa = XCBuildConfiguration;
			buildSettings = {
				ASSETCATALOG_COMPILER_APPICON_NAME = AppIcon;
				CLANG_CXX_LANGUAGE_STANDARD = "gnu++17";
				CODE_SIGN_IDENTITY = "iPhone Developer";
				ENABLE_BITCODE = NO;
				GCC_PREPROCESSOR_DEFINITIONS = (
					"FILAMENT_APP_USE_OPENGL=1",
					"$(inherited)",
				);
				HEADER_SEARCH_PATHS = (
					"../../../out/ios-debug/filament/include",
					generated,
				);
				INFOPLIST_FILE = "transparent-rendering/Info.plist";
				IPHONEOS_DEPLOYMENT_TARGET = 12.1;
				LD_RUNPATH_SEARCH_PATHS = (
					"$(inherited)",
					"@executable_path/Frameworks",
				);
				LIBRARY_SEARCH_PATHS = (
					"../../../out/ios-debug/filament/lib/$(CURRENT_ARCH)",
					"../../../out/ios-debug/filament/lib/universal",
				);
				OTHER_LDFLAGS = (
					"-lfilament",
					"-lbackend",
					"-lfilaflat",
					"-lktxreader",
					"-lfilabridge",
					"-lutils",
					"-lsmol-v",
					"-lgeometry",
					"-libl",
				);
				PRODUCT_BUNDLE_IDENTIFIER = "${SAMPLE_CODE_DISAMBIGUATOR}.google.filament.transparent-rendering";
				SAMPLE_CODE_DISAMBIGUATOR = "${DEVELOPMENT_TEAM}";
				SDKROOT = iphoneos;
				TARGETED_DEVICE_FAMILY = "1,2";
			};
			name = "OpenGL Debug";
		};
		EB66E915ABCA9AA4F5B81689 /* Metal Release */ = {
			isa = XCBuildConfiguration;
			buildSettings = {
				ASSETCATALOG_COMPILER_APPICON_NAME = AppIcon;
				CLANG_CXX_LANGUAGE_STANDARD = "gnu++17";
				CODE_SIGN_IDENTITY = "iPhone Developer";
				ENABLE_BITCODE = NO;
				GCC_PREPROCESSOR_DEFINITIONS = (
					"FILAMENT_APP_USE_METAL=1",
					"$(inherited)",
				);
				HEADER_SEARCH_PATHS = (
					"../../../out/ios-release/filament/include",
					generated,
				);
				INFOPLIST_FILE = "transparent-rendering/Info.plist";
				IPHONEOS_DEPLOYMENT_TARGET = 12.1;
				LD_RUNPATH_SEARCH_PATHS = (
					"$(inherited)",
					"@executable_path/Frameworks",
				);
				LIBRARY_SEARCH_PATHS = (
					"../../../out/ios-release/filament/lib/$(CURRENT_ARCH)",
					"../../../out/ios-release/filament/lib/universal",
				);
				OTHER_LDFLAGS = (
					"-lfilament",
					"-lbackend",
					"-lfilaflat",
					"-lktxreader",
					"-lfilabridge",
					"-lutils",
					"-lsmol-v",
					"-lgeometry",
					"-libl",
				);
				PRODUCT_BUNDLE_IDENTIFIER = "${SAMPLE_CODE_DISAMBIGUATOR}.google.filament.transparent-rendering";
				SAMPLE_CODE_DISAMBIGUATOR = "${DEVELOPMENT_TEAM}";
				SDKROOT = iphoneos;
				TARGETED_DEVICE_FAMILY = "1,2";
			};
			name = "Metal Release";
		};
		F84C9C2C5ED5E9AD40F40DD3 /* Metal Debug */ = {
			isa = XCBuildConfiguration;
			buildSettings = {
				ALWAYS_SEARCH_USER_PATHS = NO;
				CLANG_ANALYZER_NONNULL = YES;
				CLANG_ANALYZER_NUMBER_OBJECT_CONVERSION = YES_AGGRESSIVE;
				CLANG_CXX_LANGUAGE_STANDARD = "gnu++14";
				CLANG_CXX_LIBRARY = "libc++";
				CLANG_ENABLE_MODULES = YES;
				CLANG_ENABLE_OBJC_ARC = YES;
				CLANG_ENABLE_OBJC_WEAK = YES;
				CLANG_WARN_BLOCK_CAPTURE_AUTORELEASING = YES;
				CLANG_WARN_BOOL_CONVERSION = YES;
				CLANG_WARN_COMMA = YES;
				CLANG_WARN_CONSTANT_CONVERSION = YES;
				CLANG_WARN_DEPRECATED_OBJC_IMPLEMENTATIONS = YES;
				CLANG_WARN_DIRECT_OBJC_ISA_USAGE = YES_ERROR;
				CLANG_WARN_DOCUMENTATION_COMMENTS = YES;
				CLANG_WARN_EMPTY_BODY = YES;
				CLANG_WARN_ENUM_CONVERSION = YES;
				CLANG_WARN_INFINITE_RECURSION = YES;
				CLANG_WARN_INT_CONVERSION = YES;
				CLANG_WARN_NON_LITERAL_NULL_CONVERSION = YES;
				CLANG_WARN_OBJC_IMPLICIT_RETAIN_SELF = YES;
				CLANG_WARN_OBJC_LITERAL_CONVERSION = YES;
				CLANG_WARN_OBJC_ROOT_CLASS = YES_ERROR;
				CLANG_WARN_QUOTED_INCLUDE_IN_FRAMEWORK_HEADER = YES;
				CLANG_WARN_RANGE_LOOP_ANALYSIS = YES;
				CLANG_WARN_STRICT_PROTOTYPES = YES;
				CLANG_WARN_SUSPICIOUS_MOVE = YES;
				CLANG_WARN_UNGUARDED_AVAILABILITY = YES_AGGRESSIVE;
				CLANG_WARN_UNREACHABLE_CODE = YES;
				CLANG_WARN__DUPLICATE_METHOD_MATCH = YES;
				COPY_PHASE_STRIP = NO;
				DEBUG_INFORMATION_FORMAT = dwarf;
				ENABLE_STRICT_OBJC_MSGSEND = YES;
				ENABLE_TESTABILITY = YES;
				GCC_C_LANGUAGE_STANDARD = gnu11;
				GCC_DYNAMIC_NO_PIC = NO;
				GCC_NO_COMMON_BLOCKS = YES;
				GCC_OPTIMIZATION_LEVEL = 0;
				GCC_PREPROCESSOR_DEFINITIONS = (
					"$(inherited)",
					"DEBUG=1",
				);
				GCC_WARN_64_TO_32_BIT_CONVERSION = YES;
				GCC_WARN_ABOUT_RETURN_TYPE = YES_ERROR;
				GCC_WARN_UNDECLARED_SELECTOR = YES;
				GCC_WARN_UNINITIALIZED_AUTOS = YES_AGGRESSIVE;
				GCC_WARN_UNUSED_FUNCTION = YES;
				GCC_WARN_UNUSED_VARIABLE = YES;
				MTL_ENABLE_DEBUG_INFO = INCLUDE_SOURCE;
				MTL_FAST_MATH = YES;
				ONLY_ACTIVE_ARCH = YES;
				PRODUCT_NAME = "$(TARGET_NAME)";
				SDKROOT = iphoneos;
				SWIFT_ACTIVE_COMPILATION_CONDITIONS = DEBUG;
				SWIFT_OPTIMIZATION_LEVEL = "-Onone";
				SWIFT_VERSION = 5.0;
			};
			name = "Metal Debug";
		};
/* End XCBuildConfiguration section */

/* Begin XCConfigurationList section */
		231E5FAC260056F9AF2764A2 /* Build configuration list for PBXNativeTarget "transparent-rendering" */ = {
			isa = XCConfigurationList;
			buildConfigurations = (
				B57CE8F9189335B42DC044A5 /* Metal Debug */,
				EB66E915ABCA9AA4F5B81689 /* Metal Release */,
				D4F91B43CB80D3B321B51436 /* OpenGL Debug */,
				761507510A96DB1A0F186C00 /* OpenGL Release */,
			);
			defaultConfigurationIsVisible = 0;
			defaultConfigurationName = "Metal Debug";
		};
		8A22BD23DB15965551506480 /* Build configuration list for PBXProject "transparent-rendering" */ = {
			isa = XCConfigurationList;
			buildConfigurations = (
				F84C9C2C5ED5E9AD40F40DD3 /* Metal Debug */,
				2F8152E6E69E77B42517B18F /* Metal Release */,
				2F46B1C68BC4840E998339BD /* OpenGL Debug */,
				250833D75CB83F7A4ACC57B8 /* OpenGL Release */,
			);
			defaultConfigurationIsVisible = 0;
			defaultConfigurationName = "Metal Debug";
		};
/* End XCConfigurationList section */
	};
	rootObject = 81DCFDD51562B31512E28C40 /* Project object */;
}
