// !$*UTF8*$!
{
	archiveVersion = 1;
	classes = {
	};
	objectVersion = 51;
	objects = {

/* Begin PBXBuildFile section */
		037381A6D6D13AA13D79563D /* main.m in Sources */ = {isa = PBXBuildFile; fileRef = 043060C4DDB4C47C75EF968B /* main.m */; };
		0AB8534CB26606AA32916007 /* LaunchScreen.storyboard in Resources */ = {isa = PBXBuildFile; fileRef = 1125C700035D85226683BA8B /* LaunchScreen.storyboard */; };
		17F46E446C53C4FC74B03678 /* ViewController.m in Sources */ = {isa = PBXBuildFile; fileRef = 35349C2A02D7529C9C4BCF6B /* ViewController.m */; };
		281DC60C812C87E85F2CE221 /* OpenGLRenderer.m in Sources */ = {isa = PBXBuildFile; fileRef = CCA67E7698F0B56AD9A58A48 /* OpenGLRenderer.m */; };
		85405FFC40B21CF740624319 /* Main.storyboard in Resources */ = {isa = PBXBuildFile; fileRef = 706A1DC52266EF64E14FF640 /* Main.storyboard */; };
		C89FD0AED426B0ACD72D60EA /* FilamentView.mm in Sources */ = {isa = PBXBuildFile; fileRef = CB6C5FD88C436000DD965ADC /* FilamentView.mm */; };
		C934369EA0A94C164389D173 /* AppDelegate.m in Sources */ = {isa = PBXBuildFile; fileRef = ED4585D5DADDFE0F6A4D062A /* AppDelegate.m */; };
		CDB6574385173B1ED32A378A /* Assets.xcassets in Resources */ = {isa = PBXBuildFile; fileRef = 98FC2E89E9A22E81B48E07F1 /* Assets.xcassets */; };
/* End PBXBuildFile section */

/* Begin PBXFileReference section */
		043060C4DDB4C47C75EF968B /* main.m */ = {isa = PBXFileReference; lastKnownFileType = sourcecode.c.objc; path = main.m; sourceTree = "<group>"; };
		13E13F807CB56F3012F2754A /* Base */ = {isa = PBXFileReference; lastKnownFileType = file.storyboard; name = Base; path = Base.lproj/Main.storyboard; sourceTree = "<group>"; };
		35349C2A02D7529C9C4BCF6B /* ViewController.m */ = {isa = PBXFileReference; lastKnownFileType = sourcecode.c.objc; path = ViewController.m; sourceTree = "<group>"; };
		41CD4384CEA9A27EAD1F4E78 /* OpenGLRenderer.h */ = {isa = PBXFileReference; lastKnownFileType = sourcecode.c.h; path = OpenGLRenderer.h; sourceTree = "<group>"; };
		41D5A62743118906B18CE880 /* FilamentView.h */ = {isa = PBXFileReference; lastKnownFileType = sourcecode.c.h; path = FilamentView.h; sourceTree = "<group>"; };
		50812F7C66F0097C3B943196 /* SampleExternalTexture.mat */ = {isa = PBXFileReference; path = SampleExternalTexture.mat; sourceTree = "<group>"; };
		8EF3BD853AAF0BBF9C91E2D1 /* AppDelegate.h */ = {isa = PBXFileReference; lastKnownFileType = sourcecode.c.h; path = AppDelegate.h; sourceTree = "<group>"; };
		98FC2E89E9A22E81B48E07F1 /* Assets.xcassets */ = {isa = PBXFileReference; lastKnownFileType = folder.assetcatalog; path = Assets.xcassets; sourceTree = "<group>"; };
		ACC14CCCD1CA04F4149A01DC /* ViewController.h */ = {isa = PBXFileReference; lastKnownFileType = sourcecode.c.h; path = ViewController.h; sourceTree = "<group>"; };
		C259E1FF8EB7FA3967CDF382 /* Info.plist */ = {isa = PBXFileReference; lastKnownFileType = text.plist; path = Info.plist; sourceTree = "<group>"; };
		CB6C5FD88C436000DD965ADC /* FilamentView.mm */ = {isa = PBXFileReference; lastKnownFileType = sourcecode.cpp.objcpp; path = FilamentView.mm; sourceTree = "<group>"; };
		CCA67E7698F0B56AD9A58A48 /* OpenGLRenderer.m */ = {isa = PBXFileReference; lastKnownFileType = sourcecode.c.objc; path = OpenGLRenderer.m; sourceTree = "<group>"; };
		E8488AEBE47D01C1113CE9A7 /* opengl-with-metal.app */ = {isa = PBXFileReference; includeInIndex = 0; lastKnownFileType = wrapper.application; path = "opengl-with-metal.app"; sourceTree = BUILT_PRODUCTS_DIR; };
		ED4585D5DADDFE0F6A4D062A /* AppDelegate.m */ = {isa = PBXFileReference; lastKnownFileType = sourcecode.c.objc; path = AppDelegate.m; sourceTree = "<group>"; };
		F19281C87D7C0055DA3B529E /* Base */ = {isa = PBXFileReference; lastKnownFileType = file.storyboard; name = Base; path = Base.lproj/LaunchScreen.storyboard; sourceTree = "<group>"; };
/* End PBXFileReference section */

/* Begin PBXGroup section */
		45D2C566E5728D79A7DC3D51 /* opengl-with-metal */ = {
			isa = PBXGroup;
			children = (
				8EF3BD853AAF0BBF9C91E2D1 /* AppDelegate.h */,
				ED4585D5DADDFE0F6A4D062A /* AppDelegate.m */,
				98FC2E89E9A22E81B48E07F1 /* Assets.xcassets */,
				41D5A62743118906B18CE880 /* FilamentView.h */,
				CB6C5FD88C436000DD965ADC /* FilamentView.mm */,
				C259E1FF8EB7FA3967CDF382 /* Info.plist */,
				1125C700035D85226683BA8B /* LaunchScreen.storyboard */,
				043060C4DDB4C47C75EF968B /* main.m */,
				706A1DC52266EF64E14FF640 /* Main.storyboard */,
				41CD4384CEA9A27EAD1F4E78 /* OpenGLRenderer.h */,
				CCA67E7698F0B56AD9A58A48 /* OpenGLRenderer.m */,
				ACC14CCCD1CA04F4149A01DC /* ViewController.h */,
				35349C2A02D7529C9C4BCF6B /* ViewController.m */,
			);
			path = "opengl-with-metal";
			sourceTree = "<group>";
		};
		60AE3AE6BBC783E012B39C42 = {
			isa = PBXGroup;
			children = (
				8B665C7F795FAFD5DC243AB4 /* Materials */,
				45D2C566E5728D79A7DC3D51 /* opengl-with-metal */,
				A9B12968D94EB2DAA0D1AE8F /* Products */,
			);
			sourceTree = "<group>";
		};
		8B665C7F795FAFD5DC243AB4 /* Materials */ = {
			isa = PBXGroup;
			children = (
				50812F7C66F0097C3B943196 /* SampleExternalTexture.mat */,
			);
			path = Materials;
			sourceTree = "<group>";
		};
		A9B12968D94EB2DAA0D1AE8F /* Products */ = {
			isa = PBXGroup;
			children = (
				E8488AEBE47D01C1113CE9A7 /* opengl-with-metal.app */,
			);
			name = Products;
			sourceTree = "<group>";
		};
/* End PBXGroup section */

/* Begin PBXNativeTarget section */
		B0E1B421425E498202D23DDC /* opengl-with-metal */ = {
			isa = PBXNativeTarget;
			buildConfigurationList = 7E2F6625D421C5BF994E927A /* Build configuration list for PBXNativeTarget "opengl-with-metal" */;
			buildPhases = (
				01344766CBA21ABB00EAE5C6 /* Build Materials */,
				E8415BEF9B975206B207CBE9 /* Sources */,
				DB41346C969215BF2FE36E29 /* Resources */,
			);
			buildRules = (
			);
			dependencies = (
			);
			name = "opengl-with-metal";
			productName = "opengl-with-metal";
			productReference = E8488AEBE47D01C1113CE9A7 /* opengl-with-metal.app */;
			productType = "com.apple.product-type.application";
		};
/* End PBXNativeTarget section */

/* Begin PBXProject section */
		7EE573B8758F17CB9E2909BC /* Project object */ = {
			isa = PBXProject;
			attributes = {
				LastUpgradeCheck = 1200;
				TargetAttributes = {
				};
			};
			buildConfigurationList = 8A2E8E30287A1D946C1876A1 /* Build configuration list for PBXProject "opengl-with-metal" */;
			compatibilityVersion = "Xcode 10.0";
			developmentRegion = en;
			hasScannedForEncodings = 0;
			knownRegions = (
				Base,
				en,
			);
			mainGroup = 60AE3AE6BBC783E012B39C42;
			projectDirPath = "";
			projectRoot = "";
			targets = (
				B0E1B421425E498202D23DDC /* opengl-with-metal */,
			);
		};
/* End PBXProject section */

/* Begin PBXResourcesBuildPhase section */
		DB41346C969215BF2FE36E29 /* Resources */ = {
			isa = PBXResourcesBuildPhase;
			buildActionMask = 2147483647;
			files = (
				CDB6574385173B1ED32A378A /* Assets.xcassets in Resources */,
				0AB8534CB26606AA32916007 /* LaunchScreen.storyboard in Resources */,
				85405FFC40B21CF740624319 /* Main.storyboard in Resources */,
			);
			runOnlyForDeploymentPostprocessing = 0;
		};
/* End PBXResourcesBuildPhase section */

/* Begin PBXShellScriptBuildPhase section */
		01344766CBA21ABB00EAE5C6 /* Build Materials */ = {
			isa = PBXShellScriptBuildPhase;
			buildActionMask = 2147483647;
			files = (
			);
			inputFileListPaths = (
			);
			inputPaths = (
				"$(SRCROOT)/Materials/SampleExternalTexture.mat",
			);
			name = "Build Materials";
			outputFileListPaths = (
			);
			outputPaths = (
				"$(SRCROOT)/generated/SampleExternalTexture.inc",
			);
			runOnlyForDeploymentPostprocessing = 0;
			shellPath = /bin/sh;
			shellScript = "#!/usr/bin/env bash\n\nset -e\n\n# Compile SampleExternalTexture material.\n\nHOST_TOOLS_PATH=\"${HOST_TOOLS_PATH:-../../../out/release/filament/bin}\"\nmatc_path=`find ${HOST_TOOLS_PATH} -name matc -type f | head -n 1`\n\nif [[ ! -e \"${matc_path}\" ]]; then\n  echo \"error: No matc binary could be found in ${HOST_TOOLS_PATH}.\"\n  echo \"error: Ensure Filament has been built/installed before building this app.\"\n  exit 1\nfi\n\nmkdir -p \"${PROJECT_DIR}/generated/\"\n\"${matc_path}\" \\\n    --api all \\\n    -f header \\\n    -o \"${PROJECT_DIR}/generated/SampleExternalTexture.inc\" \\\n    \"${PROJECT_DIR}/Materials/SampleExternalTexture.mat\"\n\n# FilamentView.mm includes the material, so touch it to force Xcode to recompile it.\ntouch \"${PROJECT_DIR}/opengl-with-metal/FilamentView.mm\"\n";
		};
/* End PBXShellScriptBuildPhase section */

/* Begin PBXSourcesBuildPhase section */
		E8415BEF9B975206B207CBE9 /* Sources */ = {
			isa = PBXSourcesBuildPhase;
			buildActionMask = 2147483647;
			files = (
				C934369EA0A94C164389D173 /* AppDelegate.m in Sources */,
				C89FD0AED426B0ACD72D60EA /* FilamentView.mm in Sources */,
				281DC60C812C87E85F2CE221 /* OpenGLRenderer.m in Sources */,
				17F46E446C53C4FC74B03678 /* ViewController.m in Sources */,
				037381A6D6D13AA13D79563D /* main.m in Sources */,
			);
			runOnlyForDeploymentPostprocessing = 0;
		};
/* End PBXSourcesBuildPhase section */

/* Begin PBXVariantGroup section */
		1125C700035D85226683BA8B /* LaunchScreen.storyboard */ = {
			isa = PBXVariantGroup;
			children = (
				F19281C87D7C0055DA3B529E /* Base */,
			);
			name = LaunchScreen.storyboard;
			sourceTree = "<group>";
		};
		706A1DC52266EF64E14FF640 /* Main.storyboard */ = {
			isa = PBXVariantGroup;
			children = (
				13E13F807CB56F3012F2754A /* Base */,
			);
			name = Main.storyboard;
			sourceTree = "<group>";
		};
/* End PBXVariantGroup section */

/* Begin XCBuildConfiguration section */
		0697750BEA3FED3189ABC522 /* OpenGL Debug */ = {
			isa = XCBuildConfiguration;
			buildSettings = {
				ASSETCATALOG_COMPILER_APPICON_NAME = AppIcon;
				CODE_SIGN_IDENTITY = "iPhone Developer";
				ENABLE_BITCODE = NO;
				GCC_PREPROCESSOR_DEFINITIONS = (
					"FILAMENT_APP_USE_OPENGL=1",
					"$(inherited)",
				);
				HEADER_SEARCH_PATHS = (
					"../../../out/ios-debug/filament/include",
					generated,
				);
				INFOPLIST_FILE = "opengl-with-metal/Info.plist";
				IPHONEOS_DEPLOYMENT_TARGET = 12.1;
				LD_RUNPATH_SEARCH_PATHS = (
					"$(inherited)",
					"@executable_path/Frameworks",
				);
				LIBRARY_SEARCH_PATHS = (
					"../../../out/ios-debug/filament/lib/$(CURRENT_ARCH)",
					"../../../out/ios-debug/filament/lib/universal",
				);
				OTHER_LDFLAGS = (
					"-lfilament",
					"-lbackend",
					"-lfilaflat",
					"-lfilabridge",
					"-lutils",
					"-lsmol-v",
					"-lgeometry",
					"-libl",
				);
				PRODUCT_BUNDLE_IDENTIFIER = "${DEVELOPMENT_TEAM}.google.filament.opengl-with-metal";
				SDKROOT = iphoneos;
				TARGETED_DEVICE_FAMILY = "1,2";
			};
			name = "OpenGL Debug";
		};
		1CA256248CDBE5DFCD5C1C9E /* Metal Release */ = {
			isa = XCBuildConfiguration;
			buildSettings = {
				ASSETCATALOG_COMPILER_APPICON_NAME = AppIcon;
				CODE_SIGN_IDENTITY = "iPhone Developer";
				ENABLE_BITCODE = NO;
				GCC_PREPROCESSOR_DEFINITIONS = (
					"FILAMENT_APP_USE_METAL=1",
					"$(inherited)",
					GLES_SILENCE_DEPRECATION,
				);
				HEADER_SEARCH_PATHS = (
					"../../../out/ios-release/filament/include",
					generated,
				);
				INFOPLIST_FILE = "opengl-with-metal/Info.plist";
				IPHONEOS_DEPLOYMENT_TARGET = 12.1;
				LD_RUNPATH_SEARCH_PATHS = (
					"$(inherited)",
					"@executable_path/Frameworks",
				);
				LIBRARY_SEARCH_PATHS = (
					"../../../out/ios-release/filament/lib/$(CURRENT_ARCH)",
					"../../../out/ios-release/filament/lib/universal",
				);
				OTHER_LDFLAGS = (
					"-lfilament",
					"-lbackend",
					"-lfilaflat",
					"-lfilabridge",
					"-lutils",
					"-lsmol-v",
					"-lgeometry",
					"-libl",
				);
				PRODUCT_BUNDLE_IDENTIFIER = "${DEVELOPMENT_TEAM}.google.filament.opengl-with-metal";
				SDKROOT = iphoneos;
				TARGETED_DEVICE_FAMILY = "1,2";
			};
			name = "Metal Release";
		};
		26B8BCC486630D414875157F /* Metal Release */ = {
			isa = XCBuildConfiguration;
			buildSettings = {
				ALWAYS_SEARCH_USER_PATHS = NO;
				CLANG_ANALYZER_NONNULL = YES;
				CLANG_ANALYZER_NUMBER_OBJECT_CONVERSION = YES_AGGRESSIVE;
				CLANG_CXX_LANGUAGE_STANDARD = "gnu++14";
				CLANG_CXX_LIBRARY = "libc++";
				CLANG_ENABLE_MODULES = YES;
				CLANG_ENABLE_OBJC_ARC = YES;
				CLANG_ENABLE_OBJC_WEAK = YES;
				CLANG_WARN_BLOCK_CAPTURE_AUTORELEASING = YES;
				CLANG_WARN_BOOL_CONVERSION = YES;
				CLANG_WARN_COMMA = YES;
				CLANG_WARN_CONSTANT_CONVERSION = YES;
				CLANG_WARN_DEPRECATED_OBJC_IMPLEMENTATIONS = YES;
				CLANG_WARN_DIRECT_OBJC_ISA_USAGE = YES_ERROR;
				CLANG_WARN_DOCUMENTATION_COMMENTS = YES;
				CLANG_WARN_EMPTY_BODY = YES;
				CLANG_WARN_ENUM_CONVERSION = YES;
				CLANG_WARN_INFINITE_RECURSION = YES;
				CLANG_WARN_INT_CONVERSION = YES;
				CLANG_WARN_NON_LITERAL_NULL_CONVERSION = YES;
				CLANG_WARN_OBJC_IMPLICIT_RETAIN_SELF = YES;
				CLANG_WARN_OBJC_LITERAL_CONVERSION = YES;
				CLANG_WARN_OBJC_ROOT_CLASS = YES_ERROR;
				CLANG_WARN_QUOTED_INCLUDE_IN_FRAMEWORK_HEADER = YES;
				CLANG_WARN_RANGE_LOOP_ANALYSIS = YES;
				CLANG_WARN_STRICT_PROTOTYPES = YES;
				CLANG_WARN_SUSPICIOUS_MOVE = YES;
				CLANG_WARN_UNGUARDED_AVAILABILITY = YES_AGGRESSIVE;
				CLANG_WARN_UNREACHABLE_CODE = YES;
				CLANG_WARN__DUPLICATE_METHOD_MATCH = YES;
				COPY_PHASE_STRIP = NO;
				DEBUG_INFORMATION_FORMAT = "dwarf-with-dsym";
				ENABLE_NS_ASSERTIONS = NO;
				ENABLE_STRICT_OBJC_MSGSEND = YES;
				GCC_C_LANGUAGE_STANDARD = gnu11;
				GCC_NO_COMMON_BLOCKS = YES;
				GCC_WARN_64_TO_32_BIT_CONVERSION = YES;
				GCC_WARN_ABOUT_RETURN_TYPE = YES_ERROR;
				GCC_WARN_UNDECLARED_SELECTOR = YES;
				GCC_WARN_UNINITIALIZED_AUTOS = YES_AGGRESSIVE;
				GCC_WARN_UNUSED_FUNCTION = YES;
				GCC_WARN_UNUSED_VARIABLE = YES;
				MTL_ENABLE_DEBUG_INFO = NO;
				MTL_FAST_MATH = YES;
				PRODUCT_NAME = "$(TARGET_NAME)";
				SDKROOT = iphoneos;
				SWIFT_COMPILATION_MODE = wholemodule;
				SWIFT_OPTIMIZATION_LEVEL = "-O";
				SWIFT_VERSION = 5.0;
			};
			name = "Metal Release";
		};
		51E0FD64D0A2B4B9074746FC /* Metal Debug */ = {
			isa = XCBuildConfiguration;
			buildSettings = {
				ASSETCATALOG_COMPILER_APPICON_NAME = AppIcon;
				CODE_SIGN_IDENTITY = "iPhone Developer";
				ENABLE_BITCODE = NO;
				GCC_PREPROCESSOR_DEFINITIONS = (
					"FILAMENT_APP_USE_METAL=1",
					"$(inherited)",
					GLES_SILENCE_DEPRECATION,
				);
				HEADER_SEARCH_PATHS = (
					"../../../out/ios-debug/filament/include",
					generated,
				);
				INFOPLIST_FILE = "opengl-with-metal/Info.plist";
				IPHONEOS_DEPLOYMENT_TARGET = 12.1;
				LD_RUNPATH_SEARCH_PATHS = (
					"$(inherited)",
					"@executable_path/Frameworks",
				);
				LIBRARY_SEARCH_PATHS = (
					"../../../out/ios-debug/filament/lib/$(CURRENT_ARCH)",
					"../../../out/ios-debug/filament/lib/universal",
				);
				OTHER_LDFLAGS = (
					"-lfilament",
					"-lbackend",
					"-lfilaflat",
					"-lfilabridge",
					"-lutils",
					"-lsmol-v",
					"-lgeometry",
					"-libl",
				);
				PRODUCT_BUNDLE_IDENTIFIER = "${DEVELOPMENT_TEAM}.google.filament.opengl-with-metal";
				SDKROOT = iphoneos;
				TARGETED_DEVICE_FAMILY = "1,2";
			};
			name = "Metal Debug";
		};
		746FA6C1260C45AA617BD733 /* OpenGL Release */ = {
			isa = XCBuildConfiguration;
			buildSettings = {
				ALWAYS_SEARCH_USER_PATHS = NO;
				CLANG_ANALYZER_NONNULL = YES;
				CLANG_ANALYZER_NUMBER_OBJECT_CONVERSION = YES_AGGRESSIVE;
				CLANG_CXX_LANGUAGE_STANDARD = "gnu++14";
				CLANG_CXX_LIBRARY = "libc++";
				CLANG_ENABLE_MODULES = YES;
				CLANG_ENABLE_OBJC_ARC = YES;
				CLANG_ENABLE_OBJC_WEAK = YES;
				CLANG_WARN_BLOCK_CAPTURE_AUTORELEASING = YES;
				CLANG_WARN_BOOL_CONVERSION = YES;
				CLANG_WARN_COMMA = YES;
				CLANG_WARN_CONSTANT_CONVERSION = YES;
				CLANG_WARN_DEPRECATED_OBJC_IMPLEMENTATIONS = YES;
				CLANG_WARN_DIRECT_OBJC_ISA_USAGE = YES_ERROR;
				CLANG_WARN_DOCUMENTATION_COMMENTS = YES;
				CLANG_WARN_EMPTY_BODY = YES;
				CLANG_WARN_ENUM_CONVERSION = YES;
				CLANG_WARN_INFINITE_RECURSION = YES;
				CLANG_WARN_INT_CONVERSION = YES;
				CLANG_WARN_NON_LITERAL_NULL_CONVERSION = YES;
				CLANG_WARN_OBJC_IMPLICIT_RETAIN_SELF = YES;
				CLANG_WARN_OBJC_LITERAL_CONVERSION = YES;
				CLANG_WARN_OBJC_ROOT_CLASS = YES_ERROR;
				CLANG_WARN_QUOTED_INCLUDE_IN_FRAMEWORK_HEADER = YES;
				CLANG_WARN_RANGE_LOOP_ANALYSIS = YES;
				CLANG_WARN_STRICT_PROTOTYPES = YES;
				CLANG_WARN_SUSPICIOUS_MOVE = YES;
				CLANG_WARN_UNGUARDED_AVAILABILITY = YES_AGGRESSIVE;
				CLANG_WARN_UNREACHABLE_CODE = YES;
				CLANG_WARN__DUPLICATE_METHOD_MATCH = YES;
				COPY_PHASE_STRIP = NO;
				DEBUG_INFORMATION_FORMAT = "dwarf-with-dsym";
				ENABLE_NS_ASSERTIONS = NO;
				ENABLE_STRICT_OBJC_MSGSEND = YES;
				GCC_C_LANGUAGE_STANDARD = gnu11;
				GCC_NO_COMMON_BLOCKS = YES;
				GCC_WARN_64_TO_32_BIT_CONVERSION = YES;
				GCC_WARN_ABOUT_RETURN_TYPE = YES_ERROR;
				GCC_WARN_UNDECLARED_SELECTOR = YES;
				GCC_WARN_UNINITIALIZED_AUTOS = YES_AGGRESSIVE;
				GCC_WARN_UNUSED_FUNCTION = YES;
				GCC_WARN_UNUSED_VARIABLE = YES;
				MTL_ENABLE_DEBUG_INFO = NO;
				MTL_FAST_MATH = YES;
				PRODUCT_NAME = "$(TARGET_NAME)";
				SDKROOT = iphoneos;
				SWIFT_COMPILATION_MODE = wholemodule;
				SWIFT_OPTIMIZATION_LEVEL = "-O";
				SWIFT_VERSION = 5.0;
			};
			name = "OpenGL Release";
		};
		7A2F8F7B6BC29576543AD605 /* Metal Debug */ = {
			isa = XCBuildConfiguration;
			buildSettings = {
				ALWAYS_SEARCH_USER_PATHS = NO;
				CLANG_ANALYZER_NONNULL = YES;
				CLANG_ANALYZER_NUMBER_OBJECT_CONVERSION = YES_AGGRESSIVE;
				CLANG_CXX_LANGUAGE_STANDARD = "gnu++14";
				CLANG_CXX_LIBRARY = "libc++";
				CLANG_ENABLE_MODULES = YES;
				CLANG_ENABLE_OBJC_ARC = YES;
				CLANG_ENABLE_OBJC_WEAK = YES;
				CLANG_WARN_BLOCK_CAPTURE_AUTORELEASING = YES;
				CLANG_WARN_BOOL_CONVERSION = YES;
				CLANG_WARN_COMMA = YES;
				CLANG_WARN_CONSTANT_CONVERSION = YES;
				CLANG_WARN_DEPRECATED_OBJC_IMPLEMENTATIONS = YES;
				CLANG_WARN_DIRECT_OBJC_ISA_USAGE = YES_ERROR;
				CLANG_WARN_DOCUMENTATION_COMMENTS = YES;
				CLANG_WARN_EMPTY_BODY = YES;
				CLANG_WARN_ENUM_CONVERSION = YES;
				CLANG_WARN_INFINITE_RECURSION = YES;
				CLANG_WARN_INT_CONVERSION = YES;
				CLANG_WARN_NON_LITERAL_NULL_CONVERSION = YES;
				CLANG_WARN_OBJC_IMPLICIT_RETAIN_SELF = YES;
				CLANG_WARN_OBJC_LITERAL_CONVERSION = YES;
				CLANG_WARN_OBJC_ROOT_CLASS = YES_ERROR;
				CLANG_WARN_QUOTED_INCLUDE_IN_FRAMEWORK_HEADER = YES;
				CLANG_WARN_RANGE_LOOP_ANALYSIS = YES;
				CLANG_WARN_STRICT_PROTOTYPES = YES;
				CLANG_WARN_SUSPICIOUS_MOVE = YES;
				CLANG_WARN_UNGUARDED_AVAILABILITY = YES_AGGRESSIVE;
				CLANG_WARN_UNREACHABLE_CODE = YES;
				CLANG_WARN__DUPLICATE_METHOD_MATCH = YES;
				COPY_PHASE_STRIP = NO;
				DEBUG_INFORMATION_FORMAT = dwarf;
				ENABLE_STRICT_OBJC_MSGSEND = YES;
				ENABLE_TESTABILITY = YES;
				GCC_C_LANGUAGE_STANDARD = gnu11;
				GCC_DYNAMIC_NO_PIC = NO;
				GCC_NO_COMMON_BLOCKS = YES;
				GCC_OPTIMIZATION_LEVEL = 0;
				GCC_PREPROCESSOR_DEFINITIONS = (
					"$(inherited)",
					"DEBUG=1",
				);
				GCC_WARN_64_TO_32_BIT_CONVERSION = YES;
				GCC_WARN_ABOUT_RETURN_TYPE = YES_ERROR;
				GCC_WARN_UNDECLARED_SELECTOR = YES;
				GCC_WARN_UNINITIALIZED_AUTOS = YES_AGGRESSIVE;
				GCC_WARN_UNUSED_FUNCTION = YES;
				GCC_WARN_UNUSED_VARIABLE = YES;
				MTL_ENABLE_DEBUG_INFO = INCLUDE_SOURCE;
				MTL_FAST_MATH = YES;
				ONLY_ACTIVE_ARCH = YES;
				PRODUCT_NAME = "$(TARGET_NAME)";
				SDKROOT = iphoneos;
				SWIFT_ACTIVE_COMPILATION_CONDITIONS = DEBUG;
				SWIFT_OPTIMIZATION_LEVEL = "-Onone";
				SWIFT_VERSION = 5.0;
			};
			name = "Metal Debug";
		};
		AAC44D4C5B652A94F9C06395 /* OpenGL Release */ = {
			isa = XCBuildConfiguration;
			buildSettings = {
				ASSETCATALOG_COMPILER_APPICON_NAME = AppIcon;
				CODE_SIGN_IDENTITY = "iPhone Developer";
				ENABLE_BITCODE = NO;
				GCC_PREPROCESSOR_DEFINITIONS = (
					"FILAMENT_APP_USE_OPENGL=1",
					"$(inherited)",
				);
				HEADER_SEARCH_PATHS = (
					"../../../out/ios-release/filament/include",
					generated,
				);
				INFOPLIST_FILE = "opengl-with-metal/Info.plist";
				IPHONEOS_DEPLOYMENT_TARGET = 12.1;
				LD_RUNPATH_SEARCH_PATHS = (
					"$(inherited)",
					"@executable_path/Frameworks",
				);
				LIBRARY_SEARCH_PATHS = (
					"../../../out/ios-release/filament/lib/$(CURRENT_ARCH)",
					"../../../out/ios-release/filament/lib/universal",
				);
				OTHER_LDFLAGS = (
					"-lfilament",
					"-lbackend",
					"-lfilaflat",
					"-lfilabridge",
					"-lutils",
					"-lsmol-v",
					"-lgeometry",
					"-libl",
				);
				PRODUCT_BUNDLE_IDENTIFIER = "${DEVELOPMENT_TEAM}.google.filament.opengl-with-metal";
				SDKROOT = iphoneos;
				TARGETED_DEVICE_FAMILY = "1,2";
			};
			name = "OpenGL Release";
		};
		EED35A5981E8518C155F7C0D /* OpenGL Debug */ = {
			isa = XCBuildConfiguration;
			buildSettings = {
				ALWAYS_SEARCH_USER_PATHS = NO;
				CLANG_ANALYZER_NONNULL = YES;
				CLANG_ANALYZER_NUMBER_OBJECT_CONVERSION = YES_AGGRESSIVE;
				CLANG_CXX_LANGUAGE_STANDARD = "gnu++14";
				CLANG_CXX_LIBRARY = "libc++";
				CLANG_ENABLE_MODULES = YES;
				CLANG_ENABLE_OBJC_ARC = YES;
				CLANG_ENABLE_OBJC_WEAK = YES;
				CLANG_WARN_BLOCK_CAPTURE_AUTORELEASING = YES;
				CLANG_WARN_BOOL_CONVERSION = YES;
				CLANG_WARN_COMMA = YES;
				CLANG_WARN_CONSTANT_CONVERSION = YES;
				CLANG_WARN_DEPRECATED_OBJC_IMPLEMENTATIONS = YES;
				CLANG_WARN_DIRECT_OBJC_ISA_USAGE = YES_ERROR;
				CLANG_WARN_DOCUMENTATION_COMMENTS = YES;
				CLANG_WARN_EMPTY_BODY = YES;
				CLANG_WARN_ENUM_CONVERSION = YES;
				CLANG_WARN_INFINITE_RECURSION = YES;
				CLANG_WARN_INT_CONVERSION = YES;
				CLANG_WARN_NON_LITERAL_NULL_CONVERSION = YES;
				CLANG_WARN_OBJC_IMPLICIT_RETAIN_SELF = YES;
				CLANG_WARN_OBJC_LITERAL_CONVERSION = YES;
				CLANG_WARN_OBJC_ROOT_CLASS = YES_ERROR;
				CLANG_WARN_QUOTED_INCLUDE_IN_FRAMEWORK_HEADER = YES;
				CLANG_WARN_RANGE_LOOP_ANALYSIS = YES;
				CLANG_WARN_STRICT_PROTOTYPES = YES;
				CLANG_WARN_SUSPICIOUS_MOVE = YES;
				CLANG_WARN_UNGUARDED_AVAILABILITY = YES_AGGRESSIVE;
				CLANG_WARN_UNREACHABLE_CODE = YES;
				CLANG_WARN__DUPLICATE_METHOD_MATCH = YES;
				COPY_PHASE_STRIP = NO;
				DEBUG_INFORMATION_FORMAT = dwarf;
				ENABLE_STRICT_OBJC_MSGSEND = YES;
				ENABLE_TESTABILITY = YES;
				GCC_C_LANGUAGE_STANDARD = gnu11;
				GCC_DYNAMIC_NO_PIC = NO;
				GCC_NO_COMMON_BLOCKS = YES;
				GCC_OPTIMIZATION_LEVEL = 0;
				GCC_PREPROCESSOR_DEFINITIONS = (
					"$(inherited)",
					"DEBUG=1",
				);
				GCC_WARN_64_TO_32_BIT_CONVERSION = YES;
				GCC_WARN_ABOUT_RETURN_TYPE = YES_ERROR;
				GCC_WARN_UNDECLARED_SELECTOR = YES;
				GCC_WARN_UNINITIALIZED_AUTOS = YES_AGGRESSIVE;
				GCC_WARN_UNUSED_FUNCTION = YES;
				GCC_WARN_UNUSED_VARIABLE = YES;
				MTL_ENABLE_DEBUG_INFO = INCLUDE_SOURCE;
				MTL_FAST_MATH = YES;
				ONLY_ACTIVE_ARCH = YES;
				PRODUCT_NAME = "$(TARGET_NAME)";
				SDKROOT = iphoneos;
				SWIFT_ACTIVE_COMPILATION_CONDITIONS = DEBUG;
				SWIFT_OPTIMIZATION_LEVEL = "-Onone";
				SWIFT_VERSION = 5.0;
			};
			name = "OpenGL Debug";
		};
/* End XCBuildConfiguration section */

/* Begin XCConfigurationList section */
		7E2F6625D421C5BF994E927A /* Build configuration list for PBXNativeTarget "opengl-with-metal" */ = {
			isa = XCConfigurationList;
			buildConfigurations = (
				51E0FD64D0A2B4B9074746FC /* Metal Debug */,
				1CA256248CDBE5DFCD5C1C9E /* Metal Release */,
				0697750BEA3FED3189ABC522 /* OpenGL Debug */,
				AAC44D4C5B652A94F9C06395 /* OpenGL Release */,
			);
			defaultConfigurationIsVisible = 0;
			defaultConfigurationName = "Metal Debug";
		};
		8A2E8E30287A1D946C1876A1 /* Build configuration list for PBXProject "opengl-with-metal" */ = {
			isa = XCConfigurationList;
			buildConfigurations = (
				7A2F8F7B6BC29576543AD605 /* Metal Debug */,
				26B8BCC486630D414875157F /* Metal Release */,
				EED35A5981E8518C155F7C0D /* OpenGL Debug */,
				746FA6C1260C45AA617BD733 /* OpenGL Release */,
			);
			defaultConfigurationIsVisible = 0;
			defaultConfigurationName = "Metal Debug";
		};
/* End XCConfigurationList section */
	};
	rootObject = 7EE573B8758F17CB9E2909BC /* Project object */;
}
