
Microsoft Visual Studio Solution File, Format Version 12.00
# Visual Studio Version 17
VisualStudioVersion = 17.9.34622.214
MinimumVisualStudioVersion = 10.0.40219.1
Project("{8BC9CEB8-8B4A-11D0-8D11-00A0C91BC942}") = "VizAPIs_Windows", "VizAPIs_Windows\VizAPIs_Windows.vcxproj", "{7486CC99-9B69-4B37-9EE9-B5F4AED1B35D}"
EndProject
Project("{8BC9CEB8-8B4A-11D0-8D11-00A0C91BC942}") = "ImGui_Sample01", "Samples\ImGui_Sample01\ImGui_Sample01.vcxproj", "{D8D4F4C4-B10A-49ED-92CD-967605441C2A}"
EndProject
Project("{8BC9CEB8-8B4A-11D0-8D11-00A0C91BC942}") = "API_SOURCE", "API_SOURCE\API_SOURCE.vcxitems", "{FC26158A-596B-4679-82AF-18A6126DB44F}"
EndProject
Project("{2150E333-8FDC-42A3-9474-1A3956D46DE8}") = "Samples", "Samples", "{94CF16FB-2B12-4E06-A9C0-6CF8258FC838}"
EndProject
Project("{8BC9CEB8-8B4A-11D0-8D11-00A0C91BC942}") = "ImGui_Sample02", "Samples\ImGui_Sample02\ImGui_Sample02.vcxproj", "{9F316E83-5AE5-4939-A723-305A94F48005}"
EndProject
Project("{8BC9CEB8-8B4A-11D0-8D11-00A0C91BC942}") = "ImGui_Sample03", "Samples\ImGui_Sample03\ImGui_Sample03.vcxproj", "{7BEF07DC-E2C1-4CF3-BC81-BC88BABB5CF0}"
EndProject
Global
	GlobalSection(SolutionConfigurationPlatforms) = preSolution
		Debug|x64 = Debug|x64
		Debug|x86 = Debug|x86
		Release|x64 = Release|x64
		Release|x86 = Release|x86
	EndGlobalSection
	GlobalSection(ProjectConfigurationPlatforms) = postSolution
		{7486CC99-9B69-4B37-9EE9-B5F4AED1B35D}.Debug|x64.ActiveCfg = Debug|x64
		{7486CC99-9B69-4B37-9EE9-B5F4AED1B35D}.Debug|x64.Build.0 = Debug|x64
		{7486CC99-9B69-4B37-9EE9-B5F4AED1B35D}.Debug|x86.ActiveCfg = Debug|Win32
		{7486CC99-9B69-4B37-9EE9-B5F4AED1B35D}.Debug|x86.Build.0 = Debug|Win32
		{7486CC99-9B69-4B37-9EE9-B5F4AED1B35D}.Release|x64.ActiveCfg = Release|x64
		{7486CC99-9B69-4B37-9EE9-B5F4AED1B35D}.Release|x64.Build.0 = Release|x64
		{7486CC99-9B69-4B37-9EE9-B5F4AED1B35D}.Release|x86.ActiveCfg = Release|Win32
		{7486CC99-9B69-4B37-9EE9-B5F4AED1B35D}.Release|x86.Build.0 = Release|Win32
		{D8D4F4C4-B10A-49ED-92CD-967605441C2A}.Debug|x64.ActiveCfg = Debug|x64
		{D8D4F4C4-B10A-49ED-92CD-967605441C2A}.Debug|x64.Build.0 = Debug|x64
		{D8D4F4C4-B10A-49ED-92CD-967605441C2A}.Debug|x86.ActiveCfg = Debug|Win32
		{D8D4F4C4-B10A-49ED-92CD-967605441C2A}.Debug|x86.Build.0 = Debug|Win32
		{D8D4F4C4-B10A-49ED-92CD-967605441C2A}.Release|x64.ActiveCfg = Release|x64
		{D8D4F4C4-B10A-49ED-92CD-967605441C2A}.Release|x64.Build.0 = Release|x64
		{D8D4F4C4-B10A-49ED-92CD-967605441C2A}.Release|x86.ActiveCfg = Release|Win32
		{D8D4F4C4-B10A-49ED-92CD-967605441C2A}.Release|x86.Build.0 = Release|Win32
		{9F316E83-5AE5-4939-A723-305A94F48005}.Debug|x64.ActiveCfg = Debug|x64
		{9F316E83-5AE5-4939-A723-305A94F48005}.Debug|x64.Build.0 = Debug|x64
		{9F316E83-5AE5-4939-A723-305A94F48005}.Debug|x86.ActiveCfg = Debug|Win32
		{9F316E83-5AE5-4939-A723-305A94F48005}.Debug|x86.Build.0 = Debug|Win32
		{9F316E83-5AE5-4939-A723-305A94F48005}.Release|x64.ActiveCfg = Release|x64
		{9F316E83-5AE5-4939-A723-305A94F48005}.Release|x64.Build.0 = Release|x64
		{9F316E83-5AE5-4939-A723-305A94F48005}.Release|x86.ActiveCfg = Release|Win32
		{9F316E83-5AE5-4939-A723-305A94F48005}.Release|x86.Build.0 = Release|Win32
		{7BEF07DC-E2C1-4CF3-BC81-BC88BABB5CF0}.Debug|x64.ActiveCfg = Debug|x64
		{7BEF07DC-E2C1-4CF3-BC81-BC88BABB5CF0}.Debug|x64.Build.0 = Debug|x64
		{7BEF07DC-E2C1-4CF3-BC81-BC88BABB5CF0}.Debug|x86.ActiveCfg = Debug|Win32
		{7BEF07DC-E2C1-4CF3-BC81-BC88BABB5CF0}.Debug|x86.Build.0 = Debug|Win32
		{7BEF07DC-E2C1-4CF3-BC81-BC88BABB5CF0}.Release|x64.ActiveCfg = Release|x64
		{7BEF07DC-E2C1-4CF3-BC81-BC88BABB5CF0}.Release|x64.Build.0 = Release|x64
		{7BEF07DC-E2C1-4CF3-BC81-BC88BABB5CF0}.Release|x86.ActiveCfg = Release|Win32
		{7BEF07DC-E2C1-4CF3-BC81-BC88BABB5CF0}.Release|x86.Build.0 = Release|Win32
	EndGlobalSection
	GlobalSection(SolutionProperties) = preSolution
		HideSolutionNode = FALSE
	EndGlobalSection
	GlobalSection(NestedProjects) = preSolution
		{D8D4F4C4-B10A-49ED-92CD-967605441C2A} = {94CF16FB-2B12-4E06-A9C0-6CF8258FC838}
		{9F316E83-5AE5-4939-A723-305A94F48005} = {94CF16FB-2B12-4E06-A9C0-6CF8258FC838}
		{7BEF07DC-E2C1-4CF3-BC81-BC88BABB5CF0} = {94CF16FB-2B12-4E06-A9C0-6CF8258FC838}
	EndGlobalSection
	GlobalSection(ExtensibilityGlobals) = postSolution
		SolutionGuid = {D072EB46-DF44-4172-A6EA-3BD7C65404FF}
	EndGlobalSection
	GlobalSection(SharedMSBuildProjectFiles) = preSolution
		API_SOURCE\API_SOURCE.vcxitems*{7486cc99-9b69-4b37-9ee9-b5f4aed1b35d}*SharedItemsImports = 4
		API_SOURCE\API_SOURCE.vcxitems*{fc26158a-596b-4679-82af-18a6126db44f}*SharedItemsImports = 9
	EndGlobalSection
EndGlobal
